// !$*UTF8*$!
{
	archiveVersion = 1;
	classes = {
	};
	objectVersion = 46;
	objects = {

/* Begin PBXBuildFile section */
		7813093D1744B236000802B2 /* main.cpp in Sources */ = {isa = PBXBuildFile; fileRef = 7813093C1744B236000802B2 /* main.cpp */; };
		7813093F1744B236000802B2 /* Procedural_Terrain_Map.1 in CopyFiles */ = {isa = PBXBuildFile; fileRef = 7813093E1744B236000802B2 /* Procedural_Terrain_Map.1 */; };
		7813094F1744BBB6000802B2 /* OpenGL.framework in Frameworks */ = {isa = PBXBuildFile; fileRef = 7813094E1744BBB6000802B2 /* OpenGL.framework */; };
		781309511744BBBE000802B2 /* Cocoa.framework in Frameworks */ = {isa = PBXBuildFile; fileRef = 781309501744BBBE000802B2 /* Cocoa.framework */; };
		7813095B1744BC27000802B2 /* GLUT.framework in Frameworks */ = {isa = PBXBuildFile; fileRef = 7813095A1744BC27000802B2 /* GLUT.framework */; };
		7853466A17B38A89008F7A52 /* Oculus.cpp in Sources */ = {isa = PBXBuildFile; fileRef = 7853466817B38A89008F7A52 /* Oculus.cpp */; };
		7853467717B3918C008F7A52 /* Carbon.framework in Frameworks */ = {isa = PBXBuildFile; fileRef = 7853467617B3918C008F7A52 /* Carbon.framework */; };
		7853467917B391C0008F7A52 /* AudioToolbox.framework in Frameworks */ = {isa = PBXBuildFile; fileRef = 7853467817B391C0008F7A52 /* AudioToolbox.framework */; };
		7853467B17B391C8008F7A52 /* CoreFoundation.framework in Frameworks */ = {isa = PBXBuildFile; fileRef = 7853467A17B391C8008F7A52 /* CoreFoundation.framework */; };
		7853467D17B391D0008F7A52 /* IOKit.framework in Frameworks */ = {isa = PBXBuildFile; fileRef = 7853467C17B391D0008F7A52 /* IOKit.framework */; };
		7853467F17B391D7008F7A52 /* IOSurface.framework in Frameworks */ = {isa = PBXBuildFile; fileRef = 7853467E17B391D7008F7A52 /* IOSurface.framework */; };
		7853480817B39916008F7A52 /* libovr.a in Frameworks */ = {isa = PBXBuildFile; fileRef = 785346DC17B398E6008F7A52 /* libovr.a */; };
		787C771117B3ED9B0064B738 /* Screen.cpp in Sources */ = {isa = PBXBuildFile; fileRef = 787C770F17B3ED9B0064B738 /* Screen.cpp */; };
		78B7BF6517ACDFAA00AE36C0 /* Buffer.cpp in Sources */ = {isa = PBXBuildFile; fileRef = 78B7BF5417ACDFAA00AE36C0 /* Buffer.cpp */; };
		78B7BF6617ACDFAA00AE36C0 /* FBO.cpp in Sources */ = {isa = PBXBuildFile; fileRef = 78B7BF5717ACDFAA00AE36C0 /* FBO.cpp */; };
		78B7BF6717ACDFAA00AE36C0 /* Model.cpp in Sources */ = {isa = PBXBuildFile; fileRef = 78B7BF5A17ACDFAA00AE36C0 /* Model.cpp */; };
		78B7BF6817ACDFAA00AE36C0 /* OBJFile.cpp in Sources */ = {isa = PBXBuildFile; fileRef = 78B7BF5C17ACDFAA00AE36C0 /* OBJFile.cpp */; };
		78B7BF6917ACDFAA00AE36C0 /* Program.cpp in Sources */ = {isa = PBXBuildFile; fileRef = 78B7BF5E17ACDFAA00AE36C0 /* Program.cpp */; };
		78B7BF6A17ACDFAA00AE36C0 /* RenderBuffer.cpp in Sources */ = {isa = PBXBuildFile; fileRef = 78B7BF6017ACDFAA00AE36C0 /* RenderBuffer.cpp */; };
		78B7BF6B17ACDFAA00AE36C0 /* Texture.cpp in Sources */ = {isa = PBXBuildFile; fileRef = 78B7BF6217ACDFAA00AE36C0 /* Texture.cpp */; };
		78CAFC8B17AD70A900361A5C /* Noise.cpp in Sources */ = {isa = PBXBuildFile; fileRef = 78CAFC8917AD70A900361A5C /* Noise.cpp */; };
		78F5A71117A8CA350014E802 /* ApplicationServices.framework in Frameworks */ = {isa = PBXBuildFile; fileRef = 7848BF0317A8C7250052F1B7 /* ApplicationServices.framework */; };
/* End PBXBuildFile section */

/* Begin PBXCopyFilesBuildPhase section */
		781309361744B235000802B2 /* CopyFiles */ = {
			isa = PBXCopyFilesBuildPhase;
			buildActionMask = 2147483647;
			dstPath = /usr/share/man/man1/;
			dstSubfolderSpec = 0;
			files = (
				7813093F1744B236000802B2 /* Procedural_Terrain_Map.1 in CopyFiles */,
			);
			runOnlyForDeploymentPostprocessing = 1;
		};
/* End PBXCopyFilesBuildPhase section */

/* Begin PBXFileReference section */
		781309381744B235000802B2 /* Procedural Terrain Map */ = {isa = PBXFileReference; explicitFileType = "compiled.mach-o.executable"; includeInIndex = 0; path = "Procedural Terrain Map"; sourceTree = BUILT_PRODUCTS_DIR; };
		7813093C1744B236000802B2 /* main.cpp */ = {isa = PBXFileReference; lastKnownFileType = sourcecode.cpp.cpp; path = main.cpp; sourceTree = "<group>"; };
		7813093E1744B236000802B2 /* Procedural_Terrain_Map.1 */ = {isa = PBXFileReference; lastKnownFileType = text.man; path = Procedural_Terrain_Map.1; sourceTree = "<group>"; };
		7813094E1744BBB6000802B2 /* OpenGL.framework */ = {isa = PBXFileReference; lastKnownFileType = wrapper.framework; name = OpenGL.framework; path = System/Library/Frameworks/OpenGL.framework; sourceTree = SDKROOT; };
		781309501744BBBE000802B2 /* Cocoa.framework */ = {isa = PBXFileReference; lastKnownFileType = wrapper.framework; name = Cocoa.framework; path = System/Library/Frameworks/Cocoa.framework; sourceTree = SDKROOT; };
		7813095A1744BC27000802B2 /* GLUT.framework */ = {isa = PBXFileReference; lastKnownFileType = wrapper.framework; name = GLUT.framework; path = System/Library/Frameworks/GLUT.framework; sourceTree = SDKROOT; };
		7848BF0317A8C7250052F1B7 /* ApplicationServices.framework */ = {isa = PBXFileReference; lastKnownFileType = wrapper.framework; name = ApplicationServices.framework; path = System/Library/Frameworks/ApplicationServices.framework; sourceTree = SDKROOT; };
		7853461317B37F92008F7A52 /* distort.vert */ = {isa = PBXFileReference; fileEncoding = 4; lastKnownFileType = sourcecode.glsl; path = distort.vert; sourceTree = "<group>"; };
		7853461417B37FA0008F7A52 /* distort.frag */ = {isa = PBXFileReference; fileEncoding = 4; lastKnownFileType = sourcecode.glsl; path = distort.frag; sourceTree = "<group>"; };
		7853466817B38A89008F7A52 /* Oculus.cpp */ = {isa = PBXFileReference; fileEncoding = 4; lastKnownFileType = sourcecode.cpp.cpp; name = Oculus.cpp; path = Utilities/Oculus.cpp; sourceTree = "<group>"; };
		7853466917B38A89008F7A52 /* Oculus.h */ = {isa = PBXFileReference; fileEncoding = 4; lastKnownFileType = sourcecode.c.h; name = Oculus.h; path = Utilities/Oculus.h; sourceTree = "<group>"; };
		7853467617B3918C008F7A52 /* Carbon.framework */ = {isa = PBXFileReference; lastKnownFileType = wrapper.framework; name = Carbon.framework; path = ../../../../../../../System/Library/Frameworks/Carbon.framework; sourceTree = "<group>"; };
		7853467817B391C0008F7A52 /* AudioToolbox.framework */ = {isa = PBXFileReference; lastKnownFileType = wrapper.framework; name = AudioToolbox.framework; path = ../../../../../../../System/Library/Frameworks/AudioToolbox.framework; sourceTree = "<group>"; };
		7853467A17B391C8008F7A52 /* CoreFoundation.framework */ = {isa = PBXFileReference; lastKnownFileType = wrapper.framework; name = CoreFoundation.framework; path = ../../../../../../../System/Library/Frameworks/CoreFoundation.framework; sourceTree = "<group>"; };
		7853467C17B391D0008F7A52 /* IOKit.framework */ = {isa = PBXFileReference; lastKnownFileType = wrapper.framework; name = IOKit.framework; path = ../../../../../../../System/Library/Frameworks/IOKit.framework; sourceTree = "<group>"; };
		7853467E17B391D7008F7A52 /* IOSurface.framework */ = {isa = PBXFileReference; lastKnownFileType = wrapper.framework; name = IOSurface.framework; path = ../../../../../../../System/Library/Frameworks/IOSurface.framework; sourceTree = "<group>"; };
		785346D717B398E6008F7A52 /* OVR.h */ = {isa = PBXFileReference; lastKnownFileType = sourcecode.c.h; path = OVR.h; sourceTree = "<group>"; };
		785346D817B398E6008F7A52 /* OVRVersion.h */ = {isa = PBXFileReference; lastKnownFileType = sourcecode.c.h; path = OVRVersion.h; sourceTree = "<group>"; };
		785346DC17B398E6008F7A52 /* libovr.a */ = {isa = PBXFileReference; lastKnownFileType = archive.ar; path = libovr.a; sourceTree = "<group>"; };
		785346E017B398E6008F7A52 /* build-state.dat */ = {isa = PBXFileReference; lastKnownFileType = text; path = "build-state.dat"; sourceTree = "<group>"; };
		785346E117B398E6008F7A52 /* build-state~.dat */ = {isa = PBXFileReference; lastKnownFileType = text; path = "build-state~.dat"; sourceTree = "<group>"; };
		785346E417B398E6008F7A52 /* libovr.a */ = {isa = PBXFileReference; lastKnownFileType = archive.ar; path = libovr.a; sourceTree = "<group>"; };
		785346E517B398E6008F7A52 /* ovr.LinkFileList */ = {isa = PBXFileReference; lastKnownFileType = text; path = ovr.LinkFileList; sourceTree = "<group>"; };
		785346E617B398E6008F7A52 /* OVR_Alg.d */ = {isa = PBXFileReference; lastKnownFileType = sourcecode.dtrace; path = OVR_Alg.d; sourceTree = "<group>"; };
		785346E717B398E6008F7A52 /* OVR_Alg.dia */ = {isa = PBXFileReference; lastKnownFileType = file; path = OVR_Alg.dia; sourceTree = "<group>"; };
		785346E817B398E6008F7A52 /* OVR_Alg.o */ = {isa = PBXFileReference; lastKnownFileType = "compiled.mach-o.objfile"; path = OVR_Alg.o; sourceTree = "<group>"; };
		785346E917B398E6008F7A52 /* OVR_Allocator.d */ = {isa = PBXFileReference; lastKnownFileType = sourcecode.dtrace; path = OVR_Allocator.d; sourceTree = "<group>"; };
		785346EA17B398E6008F7A52 /* OVR_Allocator.dia */ = {isa = PBXFileReference; lastKnownFileType = file; path = OVR_Allocator.dia; sourceTree = "<group>"; };
		785346EB17B398E6008F7A52 /* OVR_Allocator.o */ = {isa = PBXFileReference; lastKnownFileType = "compiled.mach-o.objfile"; path = OVR_Allocator.o; sourceTree = "<group>"; };
		785346EC17B398E6008F7A52 /* OVR_Atomic.d */ = {isa = PBXFileReference; lastKnownFileType = sourcecode.dtrace; path = OVR_Atomic.d; sourceTree = "<group>"; };
		785346ED17B398E6008F7A52 /* OVR_Atomic.dia */ = {isa = PBXFileReference; lastKnownFileType = file; path = OVR_Atomic.dia; sourceTree = "<group>"; };
		785346EE17B398E6008F7A52 /* OVR_Atomic.o */ = {isa = PBXFileReference; lastKnownFileType = "compiled.mach-o.objfile"; path = OVR_Atomic.o; sourceTree = "<group>"; };
		785346EF17B398E6008F7A52 /* OVR_DeviceHandle.d */ = {isa = PBXFileReference; lastKnownFileType = sourcecode.dtrace; path = OVR_DeviceHandle.d; sourceTree = "<group>"; };
		785346F017B398E6008F7A52 /* OVR_DeviceHandle.dia */ = {isa = PBXFileReference; lastKnownFileType = file; path = OVR_DeviceHandle.dia; sourceTree = "<group>"; };
		785346F117B398E6008F7A52 /* OVR_DeviceHandle.o */ = {isa = PBXFileReference; lastKnownFileType = "compiled.mach-o.objfile"; path = OVR_DeviceHandle.o; sourceTree = "<group>"; };
		785346F217B398E6008F7A52 /* OVR_DeviceImpl.d */ = {isa = PBXFileReference; lastKnownFileType = sourcecode.dtrace; path = OVR_DeviceImpl.d; sourceTree = "<group>"; };
		785346F317B398E6008F7A52 /* OVR_DeviceImpl.dia */ = {isa = PBXFileReference; lastKnownFileType = file; path = OVR_DeviceImpl.dia; sourceTree = "<group>"; };
		785346F417B398E6008F7A52 /* OVR_DeviceImpl.o */ = {isa = PBXFileReference; lastKnownFileType = "compiled.mach-o.objfile"; path = OVR_DeviceImpl.o; sourceTree = "<group>"; };
		785346F517B398E6008F7A52 /* OVR_File.d */ = {isa = PBXFileReference; lastKnownFileType = sourcecode.dtrace; path = OVR_File.d; sourceTree = "<group>"; };
		785346F617B398E6008F7A52 /* OVR_File.dia */ = {isa = PBXFileReference; lastKnownFileType = file; path = OVR_File.dia; sourceTree = "<group>"; };
		785346F717B398E6008F7A52 /* OVR_File.o */ = {isa = PBXFileReference; lastKnownFileType = "compiled.mach-o.objfile"; path = OVR_File.o; sourceTree = "<group>"; };
		785346F817B398E6008F7A52 /* OVR_FileFILE.d */ = {isa = PBXFileReference; lastKnownFileType = sourcecode.dtrace; path = OVR_FileFILE.d; sourceTree = "<group>"; };
		785346F917B398E6008F7A52 /* OVR_FileFILE.dia */ = {isa = PBXFileReference; lastKnownFileType = file; path = OVR_FileFILE.dia; sourceTree = "<group>"; };
		785346FA17B398E6008F7A52 /* OVR_FileFILE.o */ = {isa = PBXFileReference; lastKnownFileType = "compiled.mach-o.objfile"; path = OVR_FileFILE.o; sourceTree = "<group>"; };
		785346FB17B398E6008F7A52 /* OVR_JSON.d */ = {isa = PBXFileReference; lastKnownFileType = sourcecode.dtrace; path = OVR_JSON.d; sourceTree = "<group>"; };
		785346FC17B398E6008F7A52 /* OVR_JSON.dia */ = {isa = PBXFileReference; lastKnownFileType = file; path = OVR_JSON.dia; sourceTree = "<group>"; };
		785346FD17B398E6008F7A52 /* OVR_JSON.o */ = {isa = PBXFileReference; lastKnownFileType = "compiled.mach-o.objfile"; path = OVR_JSON.o; sourceTree = "<group>"; };
		785346FE17B398E6008F7A52 /* OVR_LatencyTestImpl.d */ = {isa = PBXFileReference; lastKnownFileType = sourcecode.dtrace; path = OVR_LatencyTestImpl.d; sourceTree = "<group>"; };
		785346FF17B398E6008F7A52 /* OVR_LatencyTestImpl.dia */ = {isa = PBXFileReference; lastKnownFileType = file; path = OVR_LatencyTestImpl.dia; sourceTree = "<group>"; };
		7853470017B398E6008F7A52 /* OVR_LatencyTestImpl.o */ = {isa = PBXFileReference; lastKnownFileType = "compiled.mach-o.objfile"; path = OVR_LatencyTestImpl.o; sourceTree = "<group>"; };
		7853470117B398E6008F7A52 /* OVR_Log.d */ = {isa = PBXFileReference; lastKnownFileType = sourcecode.dtrace; path = OVR_Log.d; sourceTree = "<group>"; };
		7853470217B398E6008F7A52 /* OVR_Log.dia */ = {isa = PBXFileReference; lastKnownFileType = file; path = OVR_Log.dia; sourceTree = "<group>"; };
		7853470317B398E6008F7A52 /* OVR_Log.o */ = {isa = PBXFileReference; lastKnownFileType = "compiled.mach-o.objfile"; path = OVR_Log.o; sourceTree = "<group>"; };
		7853470417B398E6008F7A52 /* OVR_Math.d */ = {isa = PBXFileReference; lastKnownFileType = sourcecode.dtrace; path = OVR_Math.d; sourceTree = "<group>"; };
		7853470517B398E6008F7A52 /* OVR_Math.dia */ = {isa = PBXFileReference; lastKnownFileType = file; path = OVR_Math.dia; sourceTree = "<group>"; };
		7853470617B398E6008F7A52 /* OVR_Math.o */ = {isa = PBXFileReference; lastKnownFileType = "compiled.mach-o.objfile"; path = OVR_Math.o; sourceTree = "<group>"; };
		7853470717B398E6008F7A52 /* OVR_OSX_DeviceManager.d */ = {isa = PBXFileReference; lastKnownFileType = sourcecode.dtrace; path = OVR_OSX_DeviceManager.d; sourceTree = "<group>"; };
		7853470817B398E6008F7A52 /* OVR_OSX_DeviceManager.dia */ = {isa = PBXFileReference; lastKnownFileType = file; path = OVR_OSX_DeviceManager.dia; sourceTree = "<group>"; };
		7853470917B398E6008F7A52 /* OVR_OSX_DeviceManager.o */ = {isa = PBXFileReference; lastKnownFileType = "compiled.mach-o.objfile"; path = OVR_OSX_DeviceManager.o; sourceTree = "<group>"; };
		7853470A17B398E6008F7A52 /* OVR_OSX_HIDDevice.d */ = {isa = PBXFileReference; lastKnownFileType = sourcecode.dtrace; path = OVR_OSX_HIDDevice.d; sourceTree = "<group>"; };
		7853470B17B398E6008F7A52 /* OVR_OSX_HIDDevice.dia */ = {isa = PBXFileReference; lastKnownFileType = file; path = OVR_OSX_HIDDevice.dia; sourceTree = "<group>"; };
		7853470C17B398E6008F7A52 /* OVR_OSX_HIDDevice.o */ = {isa = PBXFileReference; lastKnownFileType = "compiled.mach-o.objfile"; path = OVR_OSX_HIDDevice.o; sourceTree = "<group>"; };
		7853470D17B398E6008F7A52 /* OVR_OSX_HMDDevice.d */ = {isa = PBXFileReference; lastKnownFileType = sourcecode.dtrace; path = OVR_OSX_HMDDevice.d; sourceTree = "<group>"; };
		7853470E17B398E6008F7A52 /* OVR_OSX_HMDDevice.dia */ = {isa = PBXFileReference; lastKnownFileType = file; path = OVR_OSX_HMDDevice.dia; sourceTree = "<group>"; };
		7853470F17B398E6008F7A52 /* OVR_OSX_HMDDevice.o */ = {isa = PBXFileReference; lastKnownFileType = "compiled.mach-o.objfile"; path = OVR_OSX_HMDDevice.o; sourceTree = "<group>"; };
		7853471017B398E6008F7A52 /* OVR_OSX_SensorDevice.d */ = {isa = PBXFileReference; lastKnownFileType = sourcecode.dtrace; path = OVR_OSX_SensorDevice.d; sourceTree = "<group>"; };
		7853471117B398E6008F7A52 /* OVR_OSX_SensorDevice.dia */ = {isa = PBXFileReference; lastKnownFileType = file; path = OVR_OSX_SensorDevice.dia; sourceTree = "<group>"; };
		7853471217B398E6008F7A52 /* OVR_OSX_SensorDevice.o */ = {isa = PBXFileReference; lastKnownFileType = "compiled.mach-o.objfile"; path = OVR_OSX_SensorDevice.o; sourceTree = "<group>"; };
		7853471317B398E6008F7A52 /* OVR_Profile.d */ = {isa = PBXFileReference; lastKnownFileType = sourcecode.dtrace; path = OVR_Profile.d; sourceTree = "<group>"; };
		7853471417B398E6008F7A52 /* OVR_Profile.dia */ = {isa = PBXFileReference; lastKnownFileType = file; path = OVR_Profile.dia; sourceTree = "<group>"; };
		7853471517B398E6008F7A52 /* OVR_Profile.o */ = {isa = PBXFileReference; lastKnownFileType = "compiled.mach-o.objfile"; path = OVR_Profile.o; sourceTree = "<group>"; };
		7853471617B398E6008F7A52 /* OVR_RefCount.d */ = {isa = PBXFileReference; lastKnownFileType = sourcecode.dtrace; path = OVR_RefCount.d; sourceTree = "<group>"; };
		7853471717B398E6008F7A52 /* OVR_RefCount.dia */ = {isa = PBXFileReference; lastKnownFileType = file; path = OVR_RefCount.dia; sourceTree = "<group>"; };
		7853471817B398E6008F7A52 /* OVR_RefCount.o */ = {isa = PBXFileReference; lastKnownFileType = "compiled.mach-o.objfile"; path = OVR_RefCount.o; sourceTree = "<group>"; };
		7853471917B398E6008F7A52 /* OVR_SensorFilter.d */ = {isa = PBXFileReference; lastKnownFileType = sourcecode.dtrace; path = OVR_SensorFilter.d; sourceTree = "<group>"; };
		7853471A17B398E6008F7A52 /* OVR_SensorFilter.dia */ = {isa = PBXFileReference; lastKnownFileType = file; path = OVR_SensorFilter.dia; sourceTree = "<group>"; };
		7853471B17B398E6008F7A52 /* OVR_SensorFilter.o */ = {isa = PBXFileReference; lastKnownFileType = "compiled.mach-o.objfile"; path = OVR_SensorFilter.o; sourceTree = "<group>"; };
		7853471C17B398E6008F7A52 /* OVR_SensorFusion.d */ = {isa = PBXFileReference; lastKnownFileType = sourcecode.dtrace; path = OVR_SensorFusion.d; sourceTree = "<group>"; };
		7853471D17B398E6008F7A52 /* OVR_SensorFusion.dia */ = {isa = PBXFileReference; lastKnownFileType = file; path = OVR_SensorFusion.dia; sourceTree = "<group>"; };
		7853471E17B398E6008F7A52 /* OVR_SensorFusion.o */ = {isa = PBXFileReference; lastKnownFileType = "compiled.mach-o.objfile"; path = OVR_SensorFusion.o; sourceTree = "<group>"; };
		7853471F17B398E6008F7A52 /* OVR_SensorImpl.d */ = {isa = PBXFileReference; lastKnownFileType = sourcecode.dtrace; path = OVR_SensorImpl.d; sourceTree = "<group>"; };
		7853472017B398E6008F7A52 /* OVR_SensorImpl.dia */ = {isa = PBXFileReference; lastKnownFileType = file; path = OVR_SensorImpl.dia; sourceTree = "<group>"; };
		7853472117B398E6008F7A52 /* OVR_SensorImpl.o */ = {isa = PBXFileReference; lastKnownFileType = "compiled.mach-o.objfile"; path = OVR_SensorImpl.o; sourceTree = "<group>"; };
		7853472217B398E6008F7A52 /* OVR_Std.d */ = {isa = PBXFileReference; lastKnownFileType = sourcecode.dtrace; path = OVR_Std.d; sourceTree = "<group>"; };
		7853472317B398E6008F7A52 /* OVR_Std.dia */ = {isa = PBXFileReference; lastKnownFileType = file; path = OVR_Std.dia; sourceTree = "<group>"; };
		7853472417B398E6008F7A52 /* OVR_Std.o */ = {isa = PBXFileReference; lastKnownFileType = "compiled.mach-o.objfile"; path = OVR_Std.o; sourceTree = "<group>"; };
		7853472517B398E6008F7A52 /* OVR_String.d */ = {isa = PBXFileReference; lastKnownFileType = sourcecode.dtrace; path = OVR_String.d; sourceTree = "<group>"; };
		7853472617B398E6008F7A52 /* OVR_String.dia */ = {isa = PBXFileReference; lastKnownFileType = file; path = OVR_String.dia; sourceTree = "<group>"; };
		7853472717B398E6008F7A52 /* OVR_String.o */ = {isa = PBXFileReference; lastKnownFileType = "compiled.mach-o.objfile"; path = OVR_String.o; sourceTree = "<group>"; };
		7853472817B398E6008F7A52 /* OVR_String_FormatUtil.d */ = {isa = PBXFileReference; lastKnownFileType = sourcecode.dtrace; path = OVR_String_FormatUtil.d; sourceTree = "<group>"; };
		7853472917B398E6008F7A52 /* OVR_String_FormatUtil.dia */ = {isa = PBXFileReference; lastKnownFileType = file; path = OVR_String_FormatUtil.dia; sourceTree = "<group>"; };
		7853472A17B398E6008F7A52 /* OVR_String_FormatUtil.o */ = {isa = PBXFileReference; lastKnownFileType = "compiled.mach-o.objfile"; path = OVR_String_FormatUtil.o; sourceTree = "<group>"; };
		7853472B17B398E6008F7A52 /* OVR_String_PathUtil.d */ = {isa = PBXFileReference; lastKnownFileType = sourcecode.dtrace; path = OVR_String_PathUtil.d; sourceTree = "<group>"; };
		7853472C17B398E6008F7A52 /* OVR_String_PathUtil.dia */ = {isa = PBXFileReference; lastKnownFileType = file; path = OVR_String_PathUtil.dia; sourceTree = "<group>"; };
		7853472D17B398E6008F7A52 /* OVR_String_PathUtil.o */ = {isa = PBXFileReference; lastKnownFileType = "compiled.mach-o.objfile"; path = OVR_String_PathUtil.o; sourceTree = "<group>"; };
		7853472E17B398E6008F7A52 /* OVR_SysFile.d */ = {isa = PBXFileReference; lastKnownFileType = sourcecode.dtrace; path = OVR_SysFile.d; sourceTree = "<group>"; };
		7853472F17B398E6008F7A52 /* OVR_SysFile.dia */ = {isa = PBXFileReference; lastKnownFileType = file; path = OVR_SysFile.dia; sourceTree = "<group>"; };
		7853473017B398E6008F7A52 /* OVR_SysFile.o */ = {isa = PBXFileReference; lastKnownFileType = "compiled.mach-o.objfile"; path = OVR_SysFile.o; sourceTree = "<group>"; };
		7853473117B398E6008F7A52 /* OVR_System.d */ = {isa = PBXFileReference; lastKnownFileType = sourcecode.dtrace; path = OVR_System.d; sourceTree = "<group>"; };
		7853473217B398E6008F7A52 /* OVR_System.dia */ = {isa = PBXFileReference; lastKnownFileType = file; path = OVR_System.dia; sourceTree = "<group>"; };
		7853473317B398E6008F7A52 /* OVR_System.o */ = {isa = PBXFileReference; lastKnownFileType = "compiled.mach-o.objfile"; path = OVR_System.o; sourceTree = "<group>"; };
		7853473417B398E6008F7A52 /* OVR_ThreadCommandQueue.d */ = {isa = PBXFileReference; lastKnownFileType = sourcecode.dtrace; path = OVR_ThreadCommandQueue.d; sourceTree = "<group>"; };
		7853473517B398E7008F7A52 /* OVR_ThreadCommandQueue.dia */ = {isa = PBXFileReference; lastKnownFileType = file; path = OVR_ThreadCommandQueue.dia; sourceTree = "<group>"; };
		7853473617B398E7008F7A52 /* OVR_ThreadCommandQueue.o */ = {isa = PBXFileReference; lastKnownFileType = "compiled.mach-o.objfile"; path = OVR_ThreadCommandQueue.o; sourceTree = "<group>"; };
		7853473717B398E7008F7A52 /* OVR_ThreadsPthread.d */ = {isa = PBXFileReference; lastKnownFileType = sourcecode.dtrace; path = OVR_ThreadsPthread.d; sourceTree = "<group>"; };
		7853473817B398E7008F7A52 /* OVR_ThreadsPthread.dia */ = {isa = PBXFileReference; lastKnownFileType = file; path = OVR_ThreadsPthread.dia; sourceTree = "<group>"; };
		7853473917B398E7008F7A52 /* OVR_ThreadsPthread.o */ = {isa = PBXFileReference; lastKnownFileType = "compiled.mach-o.objfile"; path = OVR_ThreadsPthread.o; sourceTree = "<group>"; };
		7853473A17B398E7008F7A52 /* OVR_Timer.d */ = {isa = PBXFileReference; lastKnownFileType = sourcecode.dtrace; path = OVR_Timer.d; sourceTree = "<group>"; };
		7853473B17B398E7008F7A52 /* OVR_Timer.dia */ = {isa = PBXFileReference; lastKnownFileType = file; path = OVR_Timer.dia; sourceTree = "<group>"; };
		7853473C17B398E7008F7A52 /* OVR_Timer.o */ = {isa = PBXFileReference; lastKnownFileType = "compiled.mach-o.objfile"; path = OVR_Timer.o; sourceTree = "<group>"; };
		7853473D17B398E7008F7A52 /* OVR_UTF8Util.d */ = {isa = PBXFileReference; lastKnownFileType = sourcecode.dtrace; path = OVR_UTF8Util.d; sourceTree = "<group>"; };
		7853473E17B398E7008F7A52 /* OVR_UTF8Util.dia */ = {isa = PBXFileReference; lastKnownFileType = file; path = OVR_UTF8Util.dia; sourceTree = "<group>"; };
		7853473F17B398E7008F7A52 /* OVR_UTF8Util.o */ = {isa = PBXFileReference; lastKnownFileType = "compiled.mach-o.objfile"; path = OVR_UTF8Util.o; sourceTree = "<group>"; };
		7853474017B398E7008F7A52 /* Util_LatencyTest.d */ = {isa = PBXFileReference; lastKnownFileType = sourcecode.dtrace; path = Util_LatencyTest.d; sourceTree = "<group>"; };
		7853474117B398E7008F7A52 /* Util_LatencyTest.dia */ = {isa = PBXFileReference; lastKnownFileType = file; path = Util_LatencyTest.dia; sourceTree = "<group>"; };
		7853474217B398E7008F7A52 /* Util_LatencyTest.o */ = {isa = PBXFileReference; lastKnownFileType = "compiled.mach-o.objfile"; path = Util_LatencyTest.o; sourceTree = "<group>"; };
		7853474317B398E7008F7A52 /* Util_MagCalibration.d */ = {isa = PBXFileReference; lastKnownFileType = sourcecode.dtrace; path = Util_MagCalibration.d; sourceTree = "<group>"; };
		7853474417B398E7008F7A52 /* Util_MagCalibration.dia */ = {isa = PBXFileReference; lastKnownFileType = file; path = Util_MagCalibration.dia; sourceTree = "<group>"; };
		7853474517B398E7008F7A52 /* Util_MagCalibration.o */ = {isa = PBXFileReference; lastKnownFileType = "compiled.mach-o.objfile"; path = Util_MagCalibration.o; sourceTree = "<group>"; };
		7853474617B398E7008F7A52 /* Util_Render_Stereo.d */ = {isa = PBXFileReference; lastKnownFileType = sourcecode.dtrace; path = Util_Render_Stereo.d; sourceTree = "<group>"; };
		7853474717B398E7008F7A52 /* Util_Render_Stereo.dia */ = {isa = PBXFileReference; lastKnownFileType = file; path = Util_Render_Stereo.dia; sourceTree = "<group>"; };
		7853474817B398E7008F7A52 /* Util_Render_Stereo.o */ = {isa = PBXFileReference; lastKnownFileType = "compiled.mach-o.objfile"; path = Util_Render_Stereo.o; sourceTree = "<group>"; };
		7853474A17B398E7008F7A52 /* libovr.a */ = {isa = PBXFileReference; lastKnownFileType = archive.ar; path = libovr.a; sourceTree = "<group>"; };
		7853474B17B398E7008F7A52 /* ovr.LinkFileList */ = {isa = PBXFileReference; lastKnownFileType = text; path = ovr.LinkFileList; sourceTree = "<group>"; };
		7853474C17B398E7008F7A52 /* OVR_Alg.d */ = {isa = PBXFileReference; lastKnownFileType = sourcecode.dtrace; path = OVR_Alg.d; sourceTree = "<group>"; };
		7853474D17B398E7008F7A52 /* OVR_Alg.dia */ = {isa = PBXFileReference; lastKnownFileType = file; path = OVR_Alg.dia; sourceTree = "<group>"; };
		7853474E17B398E7008F7A52 /* OVR_Alg.o */ = {isa = PBXFileReference; lastKnownFileType = "compiled.mach-o.objfile"; path = OVR_Alg.o; sourceTree = "<group>"; };
		7853474F17B398E7008F7A52 /* OVR_Allocator.d */ = {isa = PBXFileReference; lastKnownFileType = sourcecode.dtrace; path = OVR_Allocator.d; sourceTree = "<group>"; };
		7853475017B398E7008F7A52 /* OVR_Allocator.dia */ = {isa = PBXFileReference; lastKnownFileType = file; path = OVR_Allocator.dia; sourceTree = "<group>"; };
		7853475117B398E7008F7A52 /* OVR_Allocator.o */ = {isa = PBXFileReference; lastKnownFileType = "compiled.mach-o.objfile"; path = OVR_Allocator.o; sourceTree = "<group>"; };
		7853475217B398E7008F7A52 /* OVR_Atomic.d */ = {isa = PBXFileReference; lastKnownFileType = sourcecode.dtrace; path = OVR_Atomic.d; sourceTree = "<group>"; };
		7853475317B398E7008F7A52 /* OVR_Atomic.dia */ = {isa = PBXFileReference; lastKnownFileType = file; path = OVR_Atomic.dia; sourceTree = "<group>"; };
		7853475417B398E7008F7A52 /* OVR_Atomic.o */ = {isa = PBXFileReference; lastKnownFileType = "compiled.mach-o.objfile"; path = OVR_Atomic.o; sourceTree = "<group>"; };
		7853475517B398E7008F7A52 /* OVR_DeviceHandle.d */ = {isa = PBXFileReference; lastKnownFileType = sourcecode.dtrace; path = OVR_DeviceHandle.d; sourceTree = "<group>"; };
		7853475617B398E7008F7A52 /* OVR_DeviceHandle.dia */ = {isa = PBXFileReference; lastKnownFileType = file; path = OVR_DeviceHandle.dia; sourceTree = "<group>"; };
		7853475717B398E7008F7A52 /* OVR_DeviceHandle.o */ = {isa = PBXFileReference; lastKnownFileType = "compiled.mach-o.objfile"; path = OVR_DeviceHandle.o; sourceTree = "<group>"; };
		7853475817B398E7008F7A52 /* OVR_DeviceImpl.d */ = {isa = PBXFileReference; lastKnownFileType = sourcecode.dtrace; path = OVR_DeviceImpl.d; sourceTree = "<group>"; };
		7853475917B398E7008F7A52 /* OVR_DeviceImpl.dia */ = {isa = PBXFileReference; lastKnownFileType = file; path = OVR_DeviceImpl.dia; sourceTree = "<group>"; };
		7853475A17B398E7008F7A52 /* OVR_DeviceImpl.o */ = {isa = PBXFileReference; lastKnownFileType = "compiled.mach-o.objfile"; path = OVR_DeviceImpl.o; sourceTree = "<group>"; };
		7853475B17B398E7008F7A52 /* OVR_File.d */ = {isa = PBXFileReference; lastKnownFileType = sourcecode.dtrace; path = OVR_File.d; sourceTree = "<group>"; };
		7853475C17B398E7008F7A52 /* OVR_File.dia */ = {isa = PBXFileReference; lastKnownFileType = file; path = OVR_File.dia; sourceTree = "<group>"; };
		7853475D17B398E7008F7A52 /* OVR_File.o */ = {isa = PBXFileReference; lastKnownFileType = "compiled.mach-o.objfile"; path = OVR_File.o; sourceTree = "<group>"; };
		7853475E17B398E7008F7A52 /* OVR_FileFILE.d */ = {isa = PBXFileReference; lastKnownFileType = sourcecode.dtrace; path = OVR_FileFILE.d; sourceTree = "<group>"; };
		7853475F17B398E7008F7A52 /* OVR_FileFILE.dia */ = {isa = PBXFileReference; lastKnownFileType = file; path = OVR_FileFILE.dia; sourceTree = "<group>"; };
		7853476017B398E7008F7A52 /* OVR_FileFILE.o */ = {isa = PBXFileReference; lastKnownFileType = "compiled.mach-o.objfile"; path = OVR_FileFILE.o; sourceTree = "<group>"; };
		7853476117B398E7008F7A52 /* OVR_JSON.d */ = {isa = PBXFileReference; lastKnownFileType = sourcecode.dtrace; path = OVR_JSON.d; sourceTree = "<group>"; };
		7853476217B398E7008F7A52 /* OVR_JSON.dia */ = {isa = PBXFileReference; lastKnownFileType = file; path = OVR_JSON.dia; sourceTree = "<group>"; };
		7853476317B398E7008F7A52 /* OVR_JSON.o */ = {isa = PBXFileReference; lastKnownFileType = "compiled.mach-o.objfile"; path = OVR_JSON.o; sourceTree = "<group>"; };
		7853476417B398E7008F7A52 /* OVR_LatencyTestImpl.d */ = {isa = PBXFileReference; lastKnownFileType = sourcecode.dtrace; path = OVR_LatencyTestImpl.d; sourceTree = "<group>"; };
		7853476517B398E7008F7A52 /* OVR_LatencyTestImpl.dia */ = {isa = PBXFileReference; lastKnownFileType = file; path = OVR_LatencyTestImpl.dia; sourceTree = "<group>"; };
		7853476617B398E7008F7A52 /* OVR_LatencyTestImpl.o */ = {isa = PBXFileReference; lastKnownFileType = "compiled.mach-o.objfile"; path = OVR_LatencyTestImpl.o; sourceTree = "<group>"; };
		7853476717B398E7008F7A52 /* OVR_Log.d */ = {isa = PBXFileReference; lastKnownFileType = sourcecode.dtrace; path = OVR_Log.d; sourceTree = "<group>"; };
		7853476817B398E7008F7A52 /* OVR_Log.dia */ = {isa = PBXFileReference; lastKnownFileType = file; path = OVR_Log.dia; sourceTree = "<group>"; };
		7853476917B398E7008F7A52 /* OVR_Log.o */ = {isa = PBXFileReference; lastKnownFileType = "compiled.mach-o.objfile"; path = OVR_Log.o; sourceTree = "<group>"; };
		7853476A17B398E7008F7A52 /* OVR_Math.d */ = {isa = PBXFileReference; lastKnownFileType = sourcecode.dtrace; path = OVR_Math.d; sourceTree = "<group>"; };
		7853476B17B398E7008F7A52 /* OVR_Math.dia */ = {isa = PBXFileReference; lastKnownFileType = file; path = OVR_Math.dia; sourceTree = "<group>"; };
		7853476C17B398E7008F7A52 /* OVR_Math.o */ = {isa = PBXFileReference; lastKnownFileType = "compiled.mach-o.objfile"; path = OVR_Math.o; sourceTree = "<group>"; };
		7853476D17B398E7008F7A52 /* OVR_OSX_DeviceManager.d */ = {isa = PBXFileReference; lastKnownFileType = sourcecode.dtrace; path = OVR_OSX_DeviceManager.d; sourceTree = "<group>"; };
		7853476E17B398E7008F7A52 /* OVR_OSX_DeviceManager.dia */ = {isa = PBXFileReference; lastKnownFileType = file; path = OVR_OSX_DeviceManager.dia; sourceTree = "<group>"; };
		7853476F17B398E7008F7A52 /* OVR_OSX_DeviceManager.o */ = {isa = PBXFileReference; lastKnownFileType = "compiled.mach-o.objfile"; path = OVR_OSX_DeviceManager.o; sourceTree = "<group>"; };
		7853477017B398E7008F7A52 /* OVR_OSX_HIDDevice.d */ = {isa = PBXFileReference; lastKnownFileType = sourcecode.dtrace; path = OVR_OSX_HIDDevice.d; sourceTree = "<group>"; };
		7853477117B398E7008F7A52 /* OVR_OSX_HIDDevice.dia */ = {isa = PBXFileReference; lastKnownFileType = file; path = OVR_OSX_HIDDevice.dia; sourceTree = "<group>"; };
		7853477217B398E7008F7A52 /* OVR_OSX_HIDDevice.o */ = {isa = PBXFileReference; lastKnownFileType = "compiled.mach-o.objfile"; path = OVR_OSX_HIDDevice.o; sourceTree = "<group>"; };
		7853477317B398E7008F7A52 /* OVR_OSX_HMDDevice.d */ = {isa = PBXFileReference; lastKnownFileType = sourcecode.dtrace; path = OVR_OSX_HMDDevice.d; sourceTree = "<group>"; };
		7853477417B398E7008F7A52 /* OVR_OSX_HMDDevice.dia */ = {isa = PBXFileReference; lastKnownFileType = file; path = OVR_OSX_HMDDevice.dia; sourceTree = "<group>"; };
		7853477517B398E7008F7A52 /* OVR_OSX_HMDDevice.o */ = {isa = PBXFileReference; lastKnownFileType = "compiled.mach-o.objfile"; path = OVR_OSX_HMDDevice.o; sourceTree = "<group>"; };
		7853477617B398E7008F7A52 /* OVR_OSX_SensorDevice.d */ = {isa = PBXFileReference; lastKnownFileType = sourcecode.dtrace; path = OVR_OSX_SensorDevice.d; sourceTree = "<group>"; };
		7853477717B398E7008F7A52 /* OVR_OSX_SensorDevice.dia */ = {isa = PBXFileReference; lastKnownFileType = file; path = OVR_OSX_SensorDevice.dia; sourceTree = "<group>"; };
		7853477817B398E7008F7A52 /* OVR_OSX_SensorDevice.o */ = {isa = PBXFileReference; lastKnownFileType = "compiled.mach-o.objfile"; path = OVR_OSX_SensorDevice.o; sourceTree = "<group>"; };
		7853477917B398E7008F7A52 /* OVR_Profile.d */ = {isa = PBXFileReference; lastKnownFileType = sourcecode.dtrace; path = OVR_Profile.d; sourceTree = "<group>"; };
		7853477A17B398E7008F7A52 /* OVR_Profile.dia */ = {isa = PBXFileReference; lastKnownFileType = file; path = OVR_Profile.dia; sourceTree = "<group>"; };
		7853477B17B398E7008F7A52 /* OVR_Profile.o */ = {isa = PBXFileReference; lastKnownFileType = "compiled.mach-o.objfile"; path = OVR_Profile.o; sourceTree = "<group>"; };
		7853477C17B398E7008F7A52 /* OVR_RefCount.d */ = {isa = PBXFileReference; lastKnownFileType = sourcecode.dtrace; path = OVR_RefCount.d; sourceTree = "<group>"; };
		7853477D17B398E7008F7A52 /* OVR_RefCount.dia */ = {isa = PBXFileReference; lastKnownFileType = file; path = OVR_RefCount.dia; sourceTree = "<group>"; };
		7853477E17B398E7008F7A52 /* OVR_RefCount.o */ = {isa = PBXFileReference; lastKnownFileType = "compiled.mach-o.objfile"; path = OVR_RefCount.o; sourceTree = "<group>"; };
		7853477F17B398E7008F7A52 /* OVR_SensorFilter.d */ = {isa = PBXFileReference; lastKnownFileType = sourcecode.dtrace; path = OVR_SensorFilter.d; sourceTree = "<group>"; };
		7853478017B398E7008F7A52 /* OVR_SensorFilter.dia */ = {isa = PBXFileReference; lastKnownFileType = file; path = OVR_SensorFilter.dia; sourceTree = "<group>"; };
		7853478117B398E7008F7A52 /* OVR_SensorFilter.o */ = {isa = PBXFileReference; lastKnownFileType = "compiled.mach-o.objfile"; path = OVR_SensorFilter.o; sourceTree = "<group>"; };
		7853478217B398E7008F7A52 /* OVR_SensorFusion.d */ = {isa = PBXFileReference; lastKnownFileType = sourcecode.dtrace; path = OVR_SensorFusion.d; sourceTree = "<group>"; };
		7853478317B398E7008F7A52 /* OVR_SensorFusion.dia */ = {isa = PBXFileReference; lastKnownFileType = file; path = OVR_SensorFusion.dia; sourceTree = "<group>"; };
		7853478417B398E7008F7A52 /* OVR_SensorFusion.o */ = {isa = PBXFileReference; lastKnownFileType = "compiled.mach-o.objfile"; path = OVR_SensorFusion.o; sourceTree = "<group>"; };
		7853478517B398E7008F7A52 /* OVR_SensorImpl.d */ = {isa = PBXFileReference; lastKnownFileType = sourcecode.dtrace; path = OVR_SensorImpl.d; sourceTree = "<group>"; };
		7853478617B398E7008F7A52 /* OVR_SensorImpl.dia */ = {isa = PBXFileReference; lastKnownFileType = file; path = OVR_SensorImpl.dia; sourceTree = "<group>"; };
		7853478717B398E7008F7A52 /* OVR_SensorImpl.o */ = {isa = PBXFileReference; lastKnownFileType = "compiled.mach-o.objfile"; path = OVR_SensorImpl.o; sourceTree = "<group>"; };
		7853478817B398E7008F7A52 /* OVR_Std.d */ = {isa = PBXFileReference; lastKnownFileType = sourcecode.dtrace; path = OVR_Std.d; sourceTree = "<group>"; };
		7853478917B398E7008F7A52 /* OVR_Std.dia */ = {isa = PBXFileReference; lastKnownFileType = file; path = OVR_Std.dia; sourceTree = "<group>"; };
		7853478A17B398E7008F7A52 /* OVR_Std.o */ = {isa = PBXFileReference; lastKnownFileType = "compiled.mach-o.objfile"; path = OVR_Std.o; sourceTree = "<group>"; };
		7853478B17B398E7008F7A52 /* OVR_String.d */ = {isa = PBXFileReference; lastKnownFileType = sourcecode.dtrace; path = OVR_String.d; sourceTree = "<group>"; };
		7853478C17B398E7008F7A52 /* OVR_String.dia */ = {isa = PBXFileReference; lastKnownFileType = file; path = OVR_String.dia; sourceTree = "<group>"; };
		7853478D17B398E7008F7A52 /* OVR_String.o */ = {isa = PBXFileReference; lastKnownFileType = "compiled.mach-o.objfile"; path = OVR_String.o; sourceTree = "<group>"; };
		7853478E17B398E7008F7A52 /* OVR_String_FormatUtil.d */ = {isa = PBXFileReference; lastKnownFileType = sourcecode.dtrace; path = OVR_String_FormatUtil.d; sourceTree = "<group>"; };
		7853478F17B398E7008F7A52 /* OVR_String_FormatUtil.dia */ = {isa = PBXFileReference; lastKnownFileType = file; path = OVR_String_FormatUtil.dia; sourceTree = "<group>"; };
		7853479017B398E7008F7A52 /* OVR_String_FormatUtil.o */ = {isa = PBXFileReference; lastKnownFileType = "compiled.mach-o.objfile"; path = OVR_String_FormatUtil.o; sourceTree = "<group>"; };
		7853479117B398E7008F7A52 /* OVR_String_PathUtil.d */ = {isa = PBXFileReference; lastKnownFileType = sourcecode.dtrace; path = OVR_String_PathUtil.d; sourceTree = "<group>"; };
		7853479217B398E7008F7A52 /* OVR_String_PathUtil.dia */ = {isa = PBXFileReference; lastKnownFileType = file; path = OVR_String_PathUtil.dia; sourceTree = "<group>"; };
		7853479317B398E7008F7A52 /* OVR_String_PathUtil.o */ = {isa = PBXFileReference; lastKnownFileType = "compiled.mach-o.objfile"; path = OVR_String_PathUtil.o; sourceTree = "<group>"; };
		7853479417B398E7008F7A52 /* OVR_SysFile.d */ = {isa = PBXFileReference; lastKnownFileType = sourcecode.dtrace; path = OVR_SysFile.d; sourceTree = "<group>"; };
		7853479517B398E7008F7A52 /* OVR_SysFile.dia */ = {isa = PBXFileReference; lastKnownFileType = file; path = OVR_SysFile.dia; sourceTree = "<group>"; };
		7853479617B398E7008F7A52 /* OVR_SysFile.o */ = {isa = PBXFileReference; lastKnownFileType = "compiled.mach-o.objfile"; path = OVR_SysFile.o; sourceTree = "<group>"; };
		7853479717B398E7008F7A52 /* OVR_System.d */ = {isa = PBXFileReference; lastKnownFileType = sourcecode.dtrace; path = OVR_System.d; sourceTree = "<group>"; };
		7853479817B398E7008F7A52 /* OVR_System.dia */ = {isa = PBXFileReference; lastKnownFileType = file; path = OVR_System.dia; sourceTree = "<group>"; };
		7853479917B398E7008F7A52 /* OVR_System.o */ = {isa = PBXFileReference; lastKnownFileType = "compiled.mach-o.objfile"; path = OVR_System.o; sourceTree = "<group>"; };
		7853479A17B398E7008F7A52 /* OVR_ThreadCommandQueue.d */ = {isa = PBXFileReference; lastKnownFileType = sourcecode.dtrace; path = OVR_ThreadCommandQueue.d; sourceTree = "<group>"; };
		7853479B17B398E7008F7A52 /* OVR_ThreadCommandQueue.dia */ = {isa = PBXFileReference; lastKnownFileType = file; path = OVR_ThreadCommandQueue.dia; sourceTree = "<group>"; };
		7853479C17B398E7008F7A52 /* OVR_ThreadCommandQueue.o */ = {isa = PBXFileReference; lastKnownFileType = "compiled.mach-o.objfile"; path = OVR_ThreadCommandQueue.o; sourceTree = "<group>"; };
		7853479D17B398E7008F7A52 /* OVR_ThreadsPthread.d */ = {isa = PBXFileReference; lastKnownFileType = sourcecode.dtrace; path = OVR_ThreadsPthread.d; sourceTree = "<group>"; };
		7853479E17B398E7008F7A52 /* OVR_ThreadsPthread.dia */ = {isa = PBXFileReference; lastKnownFileType = file; path = OVR_ThreadsPthread.dia; sourceTree = "<group>"; };
		7853479F17B398E7008F7A52 /* OVR_ThreadsPthread.o */ = {isa = PBXFileReference; lastKnownFileType = "compiled.mach-o.objfile"; path = OVR_ThreadsPthread.o; sourceTree = "<group>"; };
		785347A017B398E7008F7A52 /* OVR_Timer.d */ = {isa = PBXFileReference; lastKnownFileType = sourcecode.dtrace; path = OVR_Timer.d; sourceTree = "<group>"; };
		785347A117B398E7008F7A52 /* OVR_Timer.dia */ = {isa = PBXFileReference; lastKnownFileType = file; path = OVR_Timer.dia; sourceTree = "<group>"; };
		785347A217B398E7008F7A52 /* OVR_Timer.o */ = {isa = PBXFileReference; lastKnownFileType = "compiled.mach-o.objfile"; path = OVR_Timer.o; sourceTree = "<group>"; };
		785347A317B398E7008F7A52 /* OVR_UTF8Util.d */ = {isa = PBXFileReference; lastKnownFileType = sourcecode.dtrace; path = OVR_UTF8Util.d; sourceTree = "<group>"; };
		785347A417B398E7008F7A52 /* OVR_UTF8Util.dia */ = {isa = PBXFileReference; lastKnownFileType = file; path = OVR_UTF8Util.dia; sourceTree = "<group>"; };
		785347A517B398E7008F7A52 /* OVR_UTF8Util.o */ = {isa = PBXFileReference; lastKnownFileType = "compiled.mach-o.objfile"; path = OVR_UTF8Util.o; sourceTree = "<group>"; };
		785347A617B398E7008F7A52 /* Util_LatencyTest.d */ = {isa = PBXFileReference; lastKnownFileType = sourcecode.dtrace; path = Util_LatencyTest.d; sourceTree = "<group>"; };
		785347A717B398E7008F7A52 /* Util_LatencyTest.dia */ = {isa = PBXFileReference; lastKnownFileType = file; path = Util_LatencyTest.dia; sourceTree = "<group>"; };
		785347A817B398E7008F7A52 /* Util_LatencyTest.o */ = {isa = PBXFileReference; lastKnownFileType = "compiled.mach-o.objfile"; path = Util_LatencyTest.o; sourceTree = "<group>"; };
		785347A917B398E7008F7A52 /* Util_MagCalibration.d */ = {isa = PBXFileReference; lastKnownFileType = sourcecode.dtrace; path = Util_MagCalibration.d; sourceTree = "<group>"; };
		785347AA17B398E7008F7A52 /* Util_MagCalibration.dia */ = {isa = PBXFileReference; lastKnownFileType = file; path = Util_MagCalibration.dia; sourceTree = "<group>"; };
		785347AB17B398E7008F7A52 /* Util_MagCalibration.o */ = {isa = PBXFileReference; lastKnownFileType = "compiled.mach-o.objfile"; path = Util_MagCalibration.o; sourceTree = "<group>"; };
		785347AC17B398E7008F7A52 /* Util_Render_Stereo.d */ = {isa = PBXFileReference; lastKnownFileType = sourcecode.dtrace; path = Util_Render_Stereo.d; sourceTree = "<group>"; };
		785347AD17B398E7008F7A52 /* Util_Render_Stereo.dia */ = {isa = PBXFileReference; lastKnownFileType = file; path = Util_Render_Stereo.dia; sourceTree = "<group>"; };
		785347AE17B398E7008F7A52 /* Util_Render_Stereo.o */ = {isa = PBXFileReference; lastKnownFileType = "compiled.mach-o.objfile"; path = Util_Render_Stereo.o; sourceTree = "<group>"; };
		785347AF17B398E7008F7A52 /* ovr-all-target-headers.hmap */ = {isa = PBXFileReference; lastKnownFileType = file; path = "ovr-all-target-headers.hmap"; sourceTree = "<group>"; };
		785347B017B398E7008F7A52 /* ovr-generated-files.hmap */ = {isa = PBXFileReference; lastKnownFileType = file; path = "ovr-generated-files.hmap"; sourceTree = "<group>"; };
		785347B117B398E7008F7A52 /* ovr-own-target-headers.hmap */ = {isa = PBXFileReference; lastKnownFileType = file; path = "ovr-own-target-headers.hmap"; sourceTree = "<group>"; };
		785347B217B398E7008F7A52 /* ovr-project-headers.hmap */ = {isa = PBXFileReference; lastKnownFileType = file; path = "ovr-project-headers.hmap"; sourceTree = "<group>"; };
		785347B317B398E7008F7A52 /* ovr.dep */ = {isa = PBXFileReference; lastKnownFileType = text; path = ovr.dep; sourceTree = "<group>"; };
		785347B417B398E7008F7A52 /* ovr.hmap */ = {isa = PBXFileReference; lastKnownFileType = file; path = ovr.hmap; sourceTree = "<group>"; };
		785347B517B398E7008F7A52 /* ovr~.dep */ = {isa = PBXFileReference; lastKnownFileType = text; path = "ovr~.dep"; sourceTree = "<group>"; };
		785347B717B398E7008F7A52 /* libovr.a */ = {isa = PBXFileReference; lastKnownFileType = archive.ar; path = libovr.a; sourceTree = "<group>"; };
		785347BA17B398E7008F7A52 /* OVR_Alg.cpp */ = {isa = PBXFileReference; lastKnownFileType = sourcecode.cpp.cpp; path = OVR_Alg.cpp; sourceTree = "<group>"; };
		785347BB17B398E7008F7A52 /* OVR_Alg.h */ = {isa = PBXFileReference; lastKnownFileType = sourcecode.c.h; path = OVR_Alg.h; sourceTree = "<group>"; };
		785347BC17B398E7008F7A52 /* OVR_Allocator.cpp */ = {isa = PBXFileReference; lastKnownFileType = sourcecode.cpp.cpp; path = OVR_Allocator.cpp; sourceTree = "<group>"; };
		785347BD17B398E7008F7A52 /* OVR_Allocator.h */ = {isa = PBXFileReference; lastKnownFileType = sourcecode.c.h; path = OVR_Allocator.h; sourceTree = "<group>"; };
		785347BE17B398E7008F7A52 /* OVR_Array.h */ = {isa = PBXFileReference; lastKnownFileType = sourcecode.c.h; path = OVR_Array.h; sourceTree = "<group>"; };
		785347BF17B398E7008F7A52 /* OVR_Atomic.cpp */ = {isa = PBXFileReference; lastKnownFileType = sourcecode.cpp.cpp; path = OVR_Atomic.cpp; sourceTree = "<group>"; };
		785347C017B398E7008F7A52 /* OVR_Atomic.h */ = {isa = PBXFileReference; lastKnownFileType = sourcecode.c.h; path = OVR_Atomic.h; sourceTree = "<group>"; };
		785347C117B398E7008F7A52 /* OVR_Color.h */ = {isa = PBXFileReference; lastKnownFileType = sourcecode.c.h; path = OVR_Color.h; sourceTree = "<group>"; };
		785347C217B398E7008F7A52 /* OVR_ContainerAllocator.h */ = {isa = PBXFileReference; lastKnownFileType = sourcecode.c.h; path = OVR_ContainerAllocator.h; sourceTree = "<group>"; };
		785347C317B398E7008F7A52 /* OVR_File.cpp */ = {isa = PBXFileReference; lastKnownFileType = sourcecode.cpp.cpp; path = OVR_File.cpp; sourceTree = "<group>"; };
		785347C417B398E7008F7A52 /* OVR_File.h */ = {isa = PBXFileReference; lastKnownFileType = sourcecode.c.h; path = OVR_File.h; sourceTree = "<group>"; };
		785347C517B398E7008F7A52 /* OVR_FileFILE.cpp */ = {isa = PBXFileReference; lastKnownFileType = sourcecode.cpp.cpp; path = OVR_FileFILE.cpp; sourceTree = "<group>"; };
		785347C617B398E7008F7A52 /* OVR_Hash.h */ = {isa = PBXFileReference; lastKnownFileType = sourcecode.c.h; path = OVR_Hash.h; sourceTree = "<group>"; };
		785347C717B398E7008F7A52 /* OVR_KeyCodes.h */ = {isa = PBXFileReference; lastKnownFileType = sourcecode.c.h; path = OVR_KeyCodes.h; sourceTree = "<group>"; };
		785347C817B398E7008F7A52 /* OVR_List.h */ = {isa = PBXFileReference; lastKnownFileType = sourcecode.c.h; path = OVR_List.h; sourceTree = "<group>"; };
		785347C917B398E7008F7A52 /* OVR_Log.cpp */ = {isa = PBXFileReference; lastKnownFileType = sourcecode.cpp.cpp; path = OVR_Log.cpp; sourceTree = "<group>"; };
		785347CA17B398E7008F7A52 /* OVR_Log.h */ = {isa = PBXFileReference; lastKnownFileType = sourcecode.c.h; path = OVR_Log.h; sourceTree = "<group>"; };
		785347CB17B398E7008F7A52 /* OVR_Math.cpp */ = {isa = PBXFileReference; lastKnownFileType = sourcecode.cpp.cpp; path = OVR_Math.cpp; sourceTree = "<group>"; };
		785347CC17B398E7008F7A52 /* OVR_Math.h */ = {isa = PBXFileReference; lastKnownFileType = sourcecode.c.h; path = OVR_Math.h; sourceTree = "<group>"; };
		785347CD17B398E7008F7A52 /* OVR_RefCount.cpp */ = {isa = PBXFileReference; lastKnownFileType = sourcecode.cpp.cpp; path = OVR_RefCount.cpp; sourceTree = "<group>"; };
		785347CE17B398E7008F7A52 /* OVR_RefCount.h */ = {isa = PBXFileReference; lastKnownFileType = sourcecode.c.h; path = OVR_RefCount.h; sourceTree = "<group>"; };
		785347CF17B398E7008F7A52 /* OVR_Std.cpp */ = {isa = PBXFileReference; lastKnownFileType = sourcecode.cpp.cpp; path = OVR_Std.cpp; sourceTree = "<group>"; };
		785347D017B398E7008F7A52 /* OVR_Std.h */ = {isa = PBXFileReference; lastKnownFileType = sourcecode.c.h; path = OVR_Std.h; sourceTree = "<group>"; };
		785347D117B398E7008F7A52 /* OVR_String.cpp */ = {isa = PBXFileReference; lastKnownFileType = sourcecode.cpp.cpp; path = OVR_String.cpp; sourceTree = "<group>"; };
		785347D217B398E7008F7A52 /* OVR_String.h */ = {isa = PBXFileReference; lastKnownFileType = sourcecode.c.h; path = OVR_String.h; sourceTree = "<group>"; };
		785347D317B398E7008F7A52 /* OVR_String_FormatUtil.cpp */ = {isa = PBXFileReference; lastKnownFileType = sourcecode.cpp.cpp; path = OVR_String_FormatUtil.cpp; sourceTree = "<group>"; };
		785347D417B398E7008F7A52 /* OVR_String_PathUtil.cpp */ = {isa = PBXFileReference; lastKnownFileType = sourcecode.cpp.cpp; path = OVR_String_PathUtil.cpp; sourceTree = "<group>"; };
		785347D517B398E7008F7A52 /* OVR_StringHash.h */ = {isa = PBXFileReference; lastKnownFileType = sourcecode.c.h; path = OVR_StringHash.h; sourceTree = "<group>"; };
		785347D617B398E7008F7A52 /* OVR_SysFile.cpp */ = {isa = PBXFileReference; lastKnownFileType = sourcecode.cpp.cpp; path = OVR_SysFile.cpp; sourceTree = "<group>"; };
		785347D717B398E7008F7A52 /* OVR_SysFile.h */ = {isa = PBXFileReference; lastKnownFileType = sourcecode.c.h; path = OVR_SysFile.h; sourceTree = "<group>"; };
		785347D817B398E7008F7A52 /* OVR_System.cpp */ = {isa = PBXFileReference; lastKnownFileType = sourcecode.cpp.cpp; path = OVR_System.cpp; sourceTree = "<group>"; };
		785347D917B398E7008F7A52 /* OVR_System.h */ = {isa = PBXFileReference; lastKnownFileType = sourcecode.c.h; path = OVR_System.h; sourceTree = "<group>"; };
		785347DA17B398E7008F7A52 /* OVR_Threads.h */ = {isa = PBXFileReference; lastKnownFileType = sourcecode.c.h; path = OVR_Threads.h; sourceTree = "<group>"; };
		785347DB17B398E7008F7A52 /* OVR_ThreadsPthread.cpp */ = {isa = PBXFileReference; lastKnownFileType = sourcecode.cpp.cpp; path = OVR_ThreadsPthread.cpp; sourceTree = "<group>"; };
		785347DC17B398E7008F7A52 /* OVR_ThreadsWinAPI.cpp */ = {isa = PBXFileReference; lastKnownFileType = sourcecode.cpp.cpp; path = OVR_ThreadsWinAPI.cpp; sourceTree = "<group>"; };
		785347DD17B398E7008F7A52 /* OVR_Timer.cpp */ = {isa = PBXFileReference; lastKnownFileType = sourcecode.cpp.cpp; path = OVR_Timer.cpp; sourceTree = "<group>"; };
		785347DE17B398E7008F7A52 /* OVR_Timer.h */ = {isa = PBXFileReference; lastKnownFileType = sourcecode.c.h; path = OVR_Timer.h; sourceTree = "<group>"; };
		785347DF17B398E7008F7A52 /* OVR_Types.h */ = {isa = PBXFileReference; lastKnownFileType = sourcecode.c.h; path = OVR_Types.h; sourceTree = "<group>"; };
		785347E017B398E7008F7A52 /* OVR_UTF8Util.cpp */ = {isa = PBXFileReference; lastKnownFileType = sourcecode.cpp.cpp; path = OVR_UTF8Util.cpp; sourceTree = "<group>"; };
		785347E117B398E7008F7A52 /* OVR_UTF8Util.h */ = {isa = PBXFileReference; lastKnownFileType = sourcecode.c.h; path = OVR_UTF8Util.h; sourceTree = "<group>"; };
		785347E217B398E7008F7A52 /* OVR_Device.h */ = {isa = PBXFileReference; lastKnownFileType = sourcecode.c.h; path = OVR_Device.h; sourceTree = "<group>"; };
		785347E317B398E7008F7A52 /* OVR_DeviceConstants.h */ = {isa = PBXFileReference; lastKnownFileType = sourcecode.c.h; path = OVR_DeviceConstants.h; sourceTree = "<group>"; };
		785347E417B398E7008F7A52 /* OVR_DeviceHandle.cpp */ = {isa = PBXFileReference; lastKnownFileType = sourcecode.cpp.cpp; path = OVR_DeviceHandle.cpp; sourceTree = "<group>"; };
		785347E517B398E7008F7A52 /* OVR_DeviceHandle.h */ = {isa = PBXFileReference; lastKnownFileType = sourcecode.c.h; path = OVR_DeviceHandle.h; sourceTree = "<group>"; };
		785347E617B398E7008F7A52 /* OVR_DeviceImpl.cpp */ = {isa = PBXFileReference; lastKnownFileType = sourcecode.cpp.cpp; path = OVR_DeviceImpl.cpp; sourceTree = "<group>"; };
		785347E717B398E7008F7A52 /* OVR_DeviceImpl.h */ = {isa = PBXFileReference; lastKnownFileType = sourcecode.c.h; path = OVR_DeviceImpl.h; sourceTree = "<group>"; };
		785347E817B398E7008F7A52 /* OVR_DeviceMessages.h */ = {isa = PBXFileReference; lastKnownFileType = sourcecode.c.h; path = OVR_DeviceMessages.h; sourceTree = "<group>"; };
		785347E917B398E7008F7A52 /* OVR_HIDDevice.h */ = {isa = PBXFileReference; lastKnownFileType = sourcecode.c.h; path = OVR_HIDDevice.h; sourceTree = "<group>"; };
		785347EA17B398E7008F7A52 /* OVR_HIDDeviceBase.h */ = {isa = PBXFileReference; lastKnownFileType = sourcecode.c.h; path = OVR_HIDDeviceBase.h; sourceTree = "<group>"; };
		785347EB17B398E7008F7A52 /* OVR_HIDDeviceImpl.h */ = {isa = PBXFileReference; lastKnownFileType = sourcecode.c.h; path = OVR_HIDDeviceImpl.h; sourceTree = "<group>"; };
		785347EC17B398E7008F7A52 /* OVR_JSON.cpp */ = {isa = PBXFileReference; lastKnownFileType = sourcecode.cpp.cpp; path = OVR_JSON.cpp; sourceTree = "<group>"; };
		785347ED17B398E7008F7A52 /* OVR_JSON.h */ = {isa = PBXFileReference; lastKnownFileType = sourcecode.c.h; path = OVR_JSON.h; sourceTree = "<group>"; };
		785347EE17B398E7008F7A52 /* OVR_LatencyTestImpl.cpp */ = {isa = PBXFileReference; lastKnownFileType = sourcecode.cpp.cpp; path = OVR_LatencyTestImpl.cpp; sourceTree = "<group>"; };
		785347EF17B398E7008F7A52 /* OVR_LatencyTestImpl.h */ = {isa = PBXFileReference; lastKnownFileType = sourcecode.c.h; path = OVR_LatencyTestImpl.h; sourceTree = "<group>"; };
		785347F017B398E7008F7A52 /* OVR_OSX_DeviceManager.cpp */ = {isa = PBXFileReference; lastKnownFileType = sourcecode.cpp.cpp; path = OVR_OSX_DeviceManager.cpp; sourceTree = "<group>"; };
		785347F117B398E7008F7A52 /* OVR_OSX_DeviceManager.h */ = {isa = PBXFileReference; lastKnownFileType = sourcecode.c.h; path = OVR_OSX_DeviceManager.h; sourceTree = "<group>"; };
		785347F217B398E7008F7A52 /* OVR_OSX_HIDDevice.cpp */ = {isa = PBXFileReference; lastKnownFileType = sourcecode.cpp.cpp; path = OVR_OSX_HIDDevice.cpp; sourceTree = "<group>"; };
		785347F317B398E7008F7A52 /* OVR_OSX_HIDDevice.h */ = {isa = PBXFileReference; lastKnownFileType = sourcecode.c.h; path = OVR_OSX_HIDDevice.h; sourceTree = "<group>"; };
		785347F417B398E7008F7A52 /* OVR_OSX_HMDDevice.cpp */ = {isa = PBXFileReference; lastKnownFileType = sourcecode.cpp.cpp; path = OVR_OSX_HMDDevice.cpp; sourceTree = "<group>"; };
		785347F517B398E7008F7A52 /* OVR_OSX_HMDDevice.h */ = {isa = PBXFileReference; lastKnownFileType = sourcecode.c.h; path = OVR_OSX_HMDDevice.h; sourceTree = "<group>"; };
		785347F617B398E7008F7A52 /* OVR_OSX_SensorDevice.cpp */ = {isa = PBXFileReference; lastKnownFileType = sourcecode.cpp.cpp; path = OVR_OSX_SensorDevice.cpp; sourceTree = "<group>"; };
		785347F717B398E7008F7A52 /* OVR_Profile.cpp */ = {isa = PBXFileReference; lastKnownFileType = sourcecode.cpp.cpp; path = OVR_Profile.cpp; sourceTree = "<group>"; };
		785347F817B398E7008F7A52 /* OVR_Profile.h */ = {isa = PBXFileReference; lastKnownFileType = sourcecode.c.h; path = OVR_Profile.h; sourceTree = "<group>"; };
		785347F917B398E7008F7A52 /* OVR_SensorFilter.cpp */ = {isa = PBXFileReference; lastKnownFileType = sourcecode.cpp.cpp; path = OVR_SensorFilter.cpp; sourceTree = "<group>"; };
		785347FA17B398E7008F7A52 /* OVR_SensorFilter.h */ = {isa = PBXFileReference; lastKnownFileType = sourcecode.c.h; path = OVR_SensorFilter.h; sourceTree = "<group>"; };
		785347FB17B398E7008F7A52 /* OVR_SensorFusion.cpp */ = {isa = PBXFileReference; lastKnownFileType = sourcecode.cpp.cpp; path = OVR_SensorFusion.cpp; sourceTree = "<group>"; };
		785347FC17B398E7008F7A52 /* OVR_SensorFusion.h */ = {isa = PBXFileReference; lastKnownFileType = sourcecode.c.h; path = OVR_SensorFusion.h; sourceTree = "<group>"; };
		785347FD17B398E7008F7A52 /* OVR_SensorImpl.cpp */ = {isa = PBXFileReference; lastKnownFileType = sourcecode.cpp.cpp; path = OVR_SensorImpl.cpp; sourceTree = "<group>"; };
		785347FE17B398E7008F7A52 /* OVR_SensorImpl.h */ = {isa = PBXFileReference; lastKnownFileType = sourcecode.c.h; path = OVR_SensorImpl.h; sourceTree = "<group>"; };
		785347FF17B398E7008F7A52 /* OVR_ThreadCommandQueue.cpp */ = {isa = PBXFileReference; lastKnownFileType = sourcecode.cpp.cpp; path = OVR_ThreadCommandQueue.cpp; sourceTree = "<group>"; };
		7853480017B398E7008F7A52 /* OVR_ThreadCommandQueue.h */ = {isa = PBXFileReference; lastKnownFileType = sourcecode.c.h; path = OVR_ThreadCommandQueue.h; sourceTree = "<group>"; };
		7853480217B398E7008F7A52 /* Util_LatencyTest.cpp */ = {isa = PBXFileReference; lastKnownFileType = sourcecode.cpp.cpp; path = Util_LatencyTest.cpp; sourceTree = "<group>"; };
		7853480317B398E7008F7A52 /* Util_LatencyTest.h */ = {isa = PBXFileReference; lastKnownFileType = sourcecode.c.h; path = Util_LatencyTest.h; sourceTree = "<group>"; };
		7853480417B398E7008F7A52 /* Util_MagCalibration.cpp */ = {isa = PBXFileReference; lastKnownFileType = sourcecode.cpp.cpp; path = Util_MagCalibration.cpp; sourceTree = "<group>"; };
		7853480517B398E7008F7A52 /* Util_MagCalibration.h */ = {isa = PBXFileReference; lastKnownFileType = sourcecode.c.h; path = Util_MagCalibration.h; sourceTree = "<group>"; };
		7853480617B398E7008F7A52 /* Util_Render_Stereo.cpp */ = {isa = PBXFileReference; lastKnownFileType = sourcecode.cpp.cpp; path = Util_Render_Stereo.cpp; sourceTree = "<group>"; };
		7853480717B398E7008F7A52 /* Util_Render_Stereo.h */ = {isa = PBXFileReference; lastKnownFileType = sourcecode.c.h; path = Util_Render_Stereo.h; sourceTree = "<group>"; };
		787C770817B3EC3E0064B738 /* quad.frag */ = {isa = PBXFileReference; fileEncoding = 4; lastKnownFileType = sourcecode.glsl; path = quad.frag; sourceTree = "<group>"; };
		787C770917B3EC3E0064B738 /* quad.vert */ = {isa = PBXFileReference; fileEncoding = 4; lastKnownFileType = sourcecode.glsl; path = quad.vert; sourceTree = "<group>"; };
		787C770F17B3ED9B0064B738 /* Screen.cpp */ = {isa = PBXFileReference; fileEncoding = 4; lastKnownFileType = sourcecode.cpp.cpp; name = Screen.cpp; path = Utilities/Screen.cpp; sourceTree = "<group>"; };
		787C771017B3ED9B0064B738 /* Screen.h */ = {isa = PBXFileReference; fileEncoding = 4; lastKnownFileType = sourcecode.c.h; name = Screen.h; path = Utilities/Screen.h; sourceTree = "<group>"; };
		78B7BF5117ACDFAA00AE36C0 /* bitmap_image.hpp */ = {isa = PBXFileReference; fileEncoding = 4; lastKnownFileType = sourcecode.cpp.h; name = bitmap_image.hpp; path = Utilities/bitmap_image.hpp; sourceTree = SOURCE_ROOT; };
		78B7BF5417ACDFAA00AE36C0 /* Buffer.cpp */ = {isa = PBXFileReference; fileEncoding = 4; lastKnownFileType = sourcecode.cpp.cpp; name = Buffer.cpp; path = Utilities/Buffer.cpp; sourceTree = SOURCE_ROOT; };
		78B7BF5517ACDFAA00AE36C0 /* Buffer.h */ = {isa = PBXFileReference; fileEncoding = 4; lastKnownFileType = sourcecode.c.h; name = Buffer.h; path = Utilities/Buffer.h; sourceTree = SOURCE_ROOT; };
		78B7BF5617ACDFAA00AE36C0 /* CMSpline.hpp */ = {isa = PBXFileReference; fileEncoding = 4; lastKnownFileType = sourcecode.cpp.h; name = CMSpline.hpp; path = Utilities/CMSpline.hpp; sourceTree = SOURCE_ROOT; };
		78B7BF5717ACDFAA00AE36C0 /* FBO.cpp */ = {isa = PBXFileReference; fileEncoding = 4; lastKnownFileType = sourcecode.cpp.cpp; name = FBO.cpp; path = Utilities/FBO.cpp; sourceTree = SOURCE_ROOT; };
		78B7BF5817ACDFAA00AE36C0 /* FBO.h */ = {isa = PBXFileReference; fileEncoding = 4; lastKnownFileType = sourcecode.c.h; name = FBO.h; path = Utilities/FBO.h; sourceTree = SOURCE_ROOT; };
		78B7BF5917ACDFAA00AE36C0 /* Material.h */ = {isa = PBXFileReference; fileEncoding = 4; lastKnownFileType = sourcecode.c.h; name = Material.h; path = Utilities/Material.h; sourceTree = SOURCE_ROOT; };
		78B7BF5A17ACDFAA00AE36C0 /* Model.cpp */ = {isa = PBXFileReference; fileEncoding = 4; lastKnownFileType = sourcecode.cpp.cpp; name = Model.cpp; path = Utilities/Model.cpp; sourceTree = SOURCE_ROOT; };
		78B7BF5B17ACDFAA00AE36C0 /* Model.h */ = {isa = PBXFileReference; fileEncoding = 4; lastKnownFileType = sourcecode.c.h; name = Model.h; path = Utilities/Model.h; sourceTree = SOURCE_ROOT; };
		78B7BF5C17ACDFAA00AE36C0 /* OBJFile.cpp */ = {isa = PBXFileReference; fileEncoding = 4; lastKnownFileType = sourcecode.cpp.cpp; name = OBJFile.cpp; path = Utilities/OBJFile.cpp; sourceTree = SOURCE_ROOT; };
		78B7BF5D17ACDFAA00AE36C0 /* OBJFile.h */ = {isa = PBXFileReference; fileEncoding = 4; lastKnownFileType = sourcecode.c.h; name = OBJFile.h; path = Utilities/OBJFile.h; sourceTree = SOURCE_ROOT; };
		78B7BF5E17ACDFAA00AE36C0 /* Program.cpp */ = {isa = PBXFileReference; fileEncoding = 4; lastKnownFileType = sourcecode.cpp.cpp; name = Program.cpp; path = Utilities/Program.cpp; sourceTree = SOURCE_ROOT; };
		78B7BF5F17ACDFAA00AE36C0 /* Program.h */ = {isa = PBXFileReference; fileEncoding = 4; lastKnownFileType = sourcecode.c.h; name = Program.h; path = Utilities/Program.h; sourceTree = SOURCE_ROOT; };
		78B7BF6017ACDFAA00AE36C0 /* RenderBuffer.cpp */ = {isa = PBXFileReference; fileEncoding = 4; lastKnownFileType = sourcecode.cpp.cpp; name = RenderBuffer.cpp; path = Utilities/RenderBuffer.cpp; sourceTree = SOURCE_ROOT; };
		78B7BF6117ACDFAA00AE36C0 /* RenderBuffer.h */ = {isa = PBXFileReference; fileEncoding = 4; lastKnownFileType = sourcecode.c.h; name = RenderBuffer.h; path = Utilities/RenderBuffer.h; sourceTree = SOURCE_ROOT; };
		78B7BF6217ACDFAA00AE36C0 /* Texture.cpp */ = {isa = PBXFileReference; fileEncoding = 4; lastKnownFileType = sourcecode.cpp.cpp; name = Texture.cpp; path = Utilities/Texture.cpp; sourceTree = SOURCE_ROOT; };
		78B7BF6317ACDFAA00AE36C0 /* Texture.h */ = {isa = PBXFileReference; fileEncoding = 4; lastKnownFileType = sourcecode.c.h; name = Texture.h; path = Utilities/Texture.h; sourceTree = SOURCE_ROOT; };
		78C6392417AF35A50013C4F4 /* main.frag */ = {isa = PBXFileReference; lastKnownFileType = sourcecode.glsl; path = main.frag; sourceTree = "<group>"; };
		78C6392517AF35A50013C4F4 /* main.vert */ = {isa = PBXFileReference; lastKnownFileType = sourcecode.glsl; path = main.vert; sourceTree = "<group>"; };
		78CAFC8917AD70A900361A5C /* Noise.cpp */ = {isa = PBXFileReference; fileEncoding = 4; lastKnownFileType = sourcecode.cpp.cpp; name = Noise.cpp; path = Utilities/Noise.cpp; sourceTree = "<group>"; };
		78CAFC8A17AD70A900361A5C /* Noise.h */ = {isa = PBXFileReference; fileEncoding = 4; lastKnownFileType = sourcecode.c.h; name = Noise.h; path = Utilities/Noise.h; sourceTree = "<group>"; };
/* End PBXFileReference section */

/* Begin PBXFrameworksBuildPhase section */
		781309351744B235000802B2 /* Frameworks */ = {
			isa = PBXFrameworksBuildPhase;
			buildActionMask = 2147483647;
			files = (
				7853480817B39916008F7A52 /* libovr.a in Frameworks */,
				7853467F17B391D7008F7A52 /* IOSurface.framework in Frameworks */,
				7853467D17B391D0008F7A52 /* IOKit.framework in Frameworks */,
				7853467B17B391C8008F7A52 /* CoreFoundation.framework in Frameworks */,
				7853467917B391C0008F7A52 /* AudioToolbox.framework in Frameworks */,
				7853467717B3918C008F7A52 /* Carbon.framework in Frameworks */,
				7813095B1744BC27000802B2 /* GLUT.framework in Frameworks */,
				7813094F1744BBB6000802B2 /* OpenGL.framework in Frameworks */,
				781309511744BBBE000802B2 /* Cocoa.framework in Frameworks */,
				78F5A71117A8CA350014E802 /* ApplicationServices.framework in Frameworks */,
			);
			runOnlyForDeploymentPostprocessing = 0;
		};
/* End PBXFrameworksBuildPhase section */

/* Begin PBXGroup section */
		7813092D1744B235000802B2 = {
			isa = PBXGroup;
			children = (
				7853467E17B391D7008F7A52 /* IOSurface.framework */,
				7853467C17B391D0008F7A52 /* IOKit.framework */,
				7853467A17B391C8008F7A52 /* CoreFoundation.framework */,
				7853467817B391C0008F7A52 /* AudioToolbox.framework */,
				7853467617B3918C008F7A52 /* Carbon.framework */,
				7848BF0317A8C7250052F1B7 /* ApplicationServices.framework */,
				7813095A1744BC27000802B2 /* GLUT.framework */,
				781309501744BBBE000802B2 /* Cocoa.framework */,
				7813094E1744BBB6000802B2 /* OpenGL.framework */,
				785346D517B398E6008F7A52 /* LibOVR */,
				78B7BF6C17ACDFB600AE36C0 /* Utilities */,
				78130C711744C7CD000802B2 /* Shaders */,
				7813093B1744B235000802B2 /* Procedural Terrain Map */,
				781309391744B235000802B2 /* Products */,
			);
			sourceTree = "<group>";
		};
		781309391744B235000802B2 /* Products */ = {
			isa = PBXGroup;
			children = (
				781309381744B235000802B2 /* Procedural Terrain Map */,
			);
			name = Products;
			sourceTree = "<group>";
		};
		7813093B1744B235000802B2 /* Procedural Terrain Map */ = {
			isa = PBXGroup;
			children = (
				7813093C1744B236000802B2 /* main.cpp */,
				7813093E1744B236000802B2 /* Procedural_Terrain_Map.1 */,
			);
			path = "Procedural Terrain Map";
			sourceTree = "<group>";
		};
		78130C711744C7CD000802B2 /* Shaders */ = {
			isa = PBXGroup;
			children = (
				78C6392417AF35A50013C4F4 /* main.frag */,
				78C6392517AF35A50013C4F4 /* main.vert */,
				7853461317B37F92008F7A52 /* distort.vert */,
				7853461417B37FA0008F7A52 /* distort.frag */,
				787C770917B3EC3E0064B738 /* quad.vert */,
				787C770817B3EC3E0064B738 /* quad.frag */,
			);
			path = Shaders;
			sourceTree = "<group>";
		};
		785346D517B398E6008F7A52 /* LibOVR */ = {
			isa = PBXGroup;
			children = (
				785346D617B398E6008F7A52 /* Include */,
				785346D917B398E6008F7A52 /* Lib */,
				785347B817B398E7008F7A52 /* Src */,
			);
			path = LibOVR;
			sourceTree = "<group>";
		};
		785346D617B398E6008F7A52 /* Include */ = {
			isa = PBXGroup;
			children = (
				785346D717B398E6008F7A52 /* OVR.h */,
				785346D817B398E6008F7A52 /* OVRVersion.h */,
			);
			path = Include;
			sourceTree = "<group>";
		};
		785346D917B398E6008F7A52 /* Lib */ = {
			isa = PBXGroup;
			children = (
				785346DA17B398E6008F7A52 /* MacOS */,
			);
			path = Lib;
			sourceTree = "<group>";
		};
		785346DA17B398E6008F7A52 /* MacOS */ = {
			isa = PBXGroup;
			children = (
				785346DB17B398E6008F7A52 /* Debug */,
				785346DD17B398E6008F7A52 /* LibOVR_With_Samples.build */,
				785347B617B398E7008F7A52 /* Release */,
			);
			path = MacOS;
			sourceTree = "<group>";
		};
		785346DB17B398E6008F7A52 /* Debug */ = {
			isa = PBXGroup;
			children = (
				785346DC17B398E6008F7A52 /* libovr.a */,
			);
			path = Debug;
			sourceTree = "<group>";
		};
		785346DD17B398E6008F7A52 /* LibOVR_With_Samples.build */ = {
			isa = PBXGroup;
			children = (
				785346DE17B398E6008F7A52 /* Debug */,
			);
			path = LibOVR_With_Samples.build;
			sourceTree = "<group>";
		};
		785346DE17B398E6008F7A52 /* Debug */ = {
			isa = PBXGroup;
			children = (
				785346DF17B398E6008F7A52 /* ovr.build */,
			);
			path = Debug;
			sourceTree = "<group>";
		};
		785346DF17B398E6008F7A52 /* ovr.build */ = {
			isa = PBXGroup;
			children = (
				785346E017B398E6008F7A52 /* build-state.dat */,
				785346E117B398E6008F7A52 /* build-state~.dat */,
				785346E217B398E6008F7A52 /* Objects-normal */,
				785347AF17B398E7008F7A52 /* ovr-all-target-headers.hmap */,
				785347B017B398E7008F7A52 /* ovr-generated-files.hmap */,
				785347B117B398E7008F7A52 /* ovr-own-target-headers.hmap */,
				785347B217B398E7008F7A52 /* ovr-project-headers.hmap */,
				785347B317B398E7008F7A52 /* ovr.dep */,
				785347B417B398E7008F7A52 /* ovr.hmap */,
				785347B517B398E7008F7A52 /* ovr~.dep */,
			);
			path = ovr.build;
			sourceTree = "<group>";
		};
		785346E217B398E6008F7A52 /* Objects-normal */ = {
			isa = PBXGroup;
			children = (
				785346E317B398E6008F7A52 /* i386 */,
				7853474917B398E7008F7A52 /* x86_64 */,
			);
			path = "Objects-normal";
			sourceTree = "<group>";
		};
		785346E317B398E6008F7A52 /* i386 */ = {
			isa = PBXGroup;
			children = (
				785346E417B398E6008F7A52 /* libovr.a */,
				785346E517B398E6008F7A52 /* ovr.LinkFileList */,
				785346E617B398E6008F7A52 /* OVR_Alg.d */,
				785346E717B398E6008F7A52 /* OVR_Alg.dia */,
				785346E817B398E6008F7A52 /* OVR_Alg.o */,
				785346E917B398E6008F7A52 /* OVR_Allocator.d */,
				785346EA17B398E6008F7A52 /* OVR_Allocator.dia */,
				785346EB17B398E6008F7A52 /* OVR_Allocator.o */,
				785346EC17B398E6008F7A52 /* OVR_Atomic.d */,
				785346ED17B398E6008F7A52 /* OVR_Atomic.dia */,
				785346EE17B398E6008F7A52 /* OVR_Atomic.o */,
				785346EF17B398E6008F7A52 /* OVR_DeviceHandle.d */,
				785346F017B398E6008F7A52 /* OVR_DeviceHandle.dia */,
				785346F117B398E6008F7A52 /* OVR_DeviceHandle.o */,
				785346F217B398E6008F7A52 /* OVR_DeviceImpl.d */,
				785346F317B398E6008F7A52 /* OVR_DeviceImpl.dia */,
				785346F417B398E6008F7A52 /* OVR_DeviceImpl.o */,
				785346F517B398E6008F7A52 /* OVR_File.d */,
				785346F617B398E6008F7A52 /* OVR_File.dia */,
				785346F717B398E6008F7A52 /* OVR_File.o */,
				785346F817B398E6008F7A52 /* OVR_FileFILE.d */,
				785346F917B398E6008F7A52 /* OVR_FileFILE.dia */,
				785346FA17B398E6008F7A52 /* OVR_FileFILE.o */,
				785346FB17B398E6008F7A52 /* OVR_JSON.d */,
				785346FC17B398E6008F7A52 /* OVR_JSON.dia */,
				785346FD17B398E6008F7A52 /* OVR_JSON.o */,
				785346FE17B398E6008F7A52 /* OVR_LatencyTestImpl.d */,
				785346FF17B398E6008F7A52 /* OVR_LatencyTestImpl.dia */,
				7853470017B398E6008F7A52 /* OVR_LatencyTestImpl.o */,
				7853470117B398E6008F7A52 /* OVR_Log.d */,
				7853470217B398E6008F7A52 /* OVR_Log.dia */,
				7853470317B398E6008F7A52 /* OVR_Log.o */,
				7853470417B398E6008F7A52 /* OVR_Math.d */,
				7853470517B398E6008F7A52 /* OVR_Math.dia */,
				7853470617B398E6008F7A52 /* OVR_Math.o */,
				7853470717B398E6008F7A52 /* OVR_OSX_DeviceManager.d */,
				7853470817B398E6008F7A52 /* OVR_OSX_DeviceManager.dia */,
				7853470917B398E6008F7A52 /* OVR_OSX_DeviceManager.o */,
				7853470A17B398E6008F7A52 /* OVR_OSX_HIDDevice.d */,
				7853470B17B398E6008F7A52 /* OVR_OSX_HIDDevice.dia */,
				7853470C17B398E6008F7A52 /* OVR_OSX_HIDDevice.o */,
				7853470D17B398E6008F7A52 /* OVR_OSX_HMDDevice.d */,
				7853470E17B398E6008F7A52 /* OVR_OSX_HMDDevice.dia */,
				7853470F17B398E6008F7A52 /* OVR_OSX_HMDDevice.o */,
				7853471017B398E6008F7A52 /* OVR_OSX_SensorDevice.d */,
				7853471117B398E6008F7A52 /* OVR_OSX_SensorDevice.dia */,
				7853471217B398E6008F7A52 /* OVR_OSX_SensorDevice.o */,
				7853471317B398E6008F7A52 /* OVR_Profile.d */,
				7853471417B398E6008F7A52 /* OVR_Profile.dia */,
				7853471517B398E6008F7A52 /* OVR_Profile.o */,
				7853471617B398E6008F7A52 /* OVR_RefCount.d */,
				7853471717B398E6008F7A52 /* OVR_RefCount.dia */,
				7853471817B398E6008F7A52 /* OVR_RefCount.o */,
				7853471917B398E6008F7A52 /* OVR_SensorFilter.d */,
				7853471A17B398E6008F7A52 /* OVR_SensorFilter.dia */,
				7853471B17B398E6008F7A52 /* OVR_SensorFilter.o */,
				7853471C17B398E6008F7A52 /* OVR_SensorFusion.d */,
				7853471D17B398E6008F7A52 /* OVR_SensorFusion.dia */,
				7853471E17B398E6008F7A52 /* OVR_SensorFusion.o */,
				7853471F17B398E6008F7A52 /* OVR_SensorImpl.d */,
				7853472017B398E6008F7A52 /* OVR_SensorImpl.dia */,
				7853472117B398E6008F7A52 /* OVR_SensorImpl.o */,
				7853472217B398E6008F7A52 /* OVR_Std.d */,
				7853472317B398E6008F7A52 /* OVR_Std.dia */,
				7853472417B398E6008F7A52 /* OVR_Std.o */,
				7853472517B398E6008F7A52 /* OVR_String.d */,
				7853472617B398E6008F7A52 /* OVR_String.dia */,
				7853472717B398E6008F7A52 /* OVR_String.o */,
				7853472817B398E6008F7A52 /* OVR_String_FormatUtil.d */,
				7853472917B398E6008F7A52 /* OVR_String_FormatUtil.dia */,
				7853472A17B398E6008F7A52 /* OVR_String_FormatUtil.o */,
				7853472B17B398E6008F7A52 /* OVR_String_PathUtil.d */,
				7853472C17B398E6008F7A52 /* OVR_String_PathUtil.dia */,
				7853472D17B398E6008F7A52 /* OVR_String_PathUtil.o */,
				7853472E17B398E6008F7A52 /* OVR_SysFile.d */,
				7853472F17B398E6008F7A52 /* OVR_SysFile.dia */,
				7853473017B398E6008F7A52 /* OVR_SysFile.o */,
				7853473117B398E6008F7A52 /* OVR_System.d */,
				7853473217B398E6008F7A52 /* OVR_System.dia */,
				7853473317B398E6008F7A52 /* OVR_System.o */,
				7853473417B398E6008F7A52 /* OVR_ThreadCommandQueue.d */,
				7853473517B398E7008F7A52 /* OVR_ThreadCommandQueue.dia */,
				7853473617B398E7008F7A52 /* OVR_ThreadCommandQueue.o */,
				7853473717B398E7008F7A52 /* OVR_ThreadsPthread.d */,
				7853473817B398E7008F7A52 /* OVR_ThreadsPthread.dia */,
				7853473917B398E7008F7A52 /* OVR_ThreadsPthread.o */,
				7853473A17B398E7008F7A52 /* OVR_Timer.d */,
				7853473B17B398E7008F7A52 /* OVR_Timer.dia */,
				7853473C17B398E7008F7A52 /* OVR_Timer.o */,
				7853473D17B398E7008F7A52 /* OVR_UTF8Util.d */,
				7853473E17B398E7008F7A52 /* OVR_UTF8Util.dia */,
				7853473F17B398E7008F7A52 /* OVR_UTF8Util.o */,
				7853474017B398E7008F7A52 /* Util_LatencyTest.d */,
				7853474117B398E7008F7A52 /* Util_LatencyTest.dia */,
				7853474217B398E7008F7A52 /* Util_LatencyTest.o */,
				7853474317B398E7008F7A52 /* Util_MagCalibration.d */,
				7853474417B398E7008F7A52 /* Util_MagCalibration.dia */,
				7853474517B398E7008F7A52 /* Util_MagCalibration.o */,
				7853474617B398E7008F7A52 /* Util_Render_Stereo.d */,
				7853474717B398E7008F7A52 /* Util_Render_Stereo.dia */,
				7853474817B398E7008F7A52 /* Util_Render_Stereo.o */,
			);
			path = i386;
			sourceTree = "<group>";
		};
		7853474917B398E7008F7A52 /* x86_64 */ = {
			isa = PBXGroup;
			children = (
				7853474A17B398E7008F7A52 /* libovr.a */,
				7853474B17B398E7008F7A52 /* ovr.LinkFileList */,
				7853474C17B398E7008F7A52 /* OVR_Alg.d */,
				7853474D17B398E7008F7A52 /* OVR_Alg.dia */,
				7853474E17B398E7008F7A52 /* OVR_Alg.o */,
				7853474F17B398E7008F7A52 /* OVR_Allocator.d */,
				7853475017B398E7008F7A52 /* OVR_Allocator.dia */,
				7853475117B398E7008F7A52 /* OVR_Allocator.o */,
				7853475217B398E7008F7A52 /* OVR_Atomic.d */,
				7853475317B398E7008F7A52 /* OVR_Atomic.dia */,
				7853475417B398E7008F7A52 /* OVR_Atomic.o */,
				7853475517B398E7008F7A52 /* OVR_DeviceHandle.d */,
				7853475617B398E7008F7A52 /* OVR_DeviceHandle.dia */,
				7853475717B398E7008F7A52 /* OVR_DeviceHandle.o */,
				7853475817B398E7008F7A52 /* OVR_DeviceImpl.d */,
				7853475917B398E7008F7A52 /* OVR_DeviceImpl.dia */,
				7853475A17B398E7008F7A52 /* OVR_DeviceImpl.o */,
				7853475B17B398E7008F7A52 /* OVR_File.d */,
				7853475C17B398E7008F7A52 /* OVR_File.dia */,
				7853475D17B398E7008F7A52 /* OVR_File.o */,
				7853475E17B398E7008F7A52 /* OVR_FileFILE.d */,
				7853475F17B398E7008F7A52 /* OVR_FileFILE.dia */,
				7853476017B398E7008F7A52 /* OVR_FileFILE.o */,
				7853476117B398E7008F7A52 /* OVR_JSON.d */,
				7853476217B398E7008F7A52 /* OVR_JSON.dia */,
				7853476317B398E7008F7A52 /* OVR_JSON.o */,
				7853476417B398E7008F7A52 /* OVR_LatencyTestImpl.d */,
				7853476517B398E7008F7A52 /* OVR_LatencyTestImpl.dia */,
				7853476617B398E7008F7A52 /* OVR_LatencyTestImpl.o */,
				7853476717B398E7008F7A52 /* OVR_Log.d */,
				7853476817B398E7008F7A52 /* OVR_Log.dia */,
				7853476917B398E7008F7A52 /* OVR_Log.o */,
				7853476A17B398E7008F7A52 /* OVR_Math.d */,
				7853476B17B398E7008F7A52 /* OVR_Math.dia */,
				7853476C17B398E7008F7A52 /* OVR_Math.o */,
				7853476D17B398E7008F7A52 /* OVR_OSX_DeviceManager.d */,
				7853476E17B398E7008F7A52 /* OVR_OSX_DeviceManager.dia */,
				7853476F17B398E7008F7A52 /* OVR_OSX_DeviceManager.o */,
				7853477017B398E7008F7A52 /* OVR_OSX_HIDDevice.d */,
				7853477117B398E7008F7A52 /* OVR_OSX_HIDDevice.dia */,
				7853477217B398E7008F7A52 /* OVR_OSX_HIDDevice.o */,
				7853477317B398E7008F7A52 /* OVR_OSX_HMDDevice.d */,
				7853477417B398E7008F7A52 /* OVR_OSX_HMDDevice.dia */,
				7853477517B398E7008F7A52 /* OVR_OSX_HMDDevice.o */,
				7853477617B398E7008F7A52 /* OVR_OSX_SensorDevice.d */,
				7853477717B398E7008F7A52 /* OVR_OSX_SensorDevice.dia */,
				7853477817B398E7008F7A52 /* OVR_OSX_SensorDevice.o */,
				7853477917B398E7008F7A52 /* OVR_Profile.d */,
				7853477A17B398E7008F7A52 /* OVR_Profile.dia */,
				7853477B17B398E7008F7A52 /* OVR_Profile.o */,
				7853477C17B398E7008F7A52 /* OVR_RefCount.d */,
				7853477D17B398E7008F7A52 /* OVR_RefCount.dia */,
				7853477E17B398E7008F7A52 /* OVR_RefCount.o */,
				7853477F17B398E7008F7A52 /* OVR_SensorFilter.d */,
				7853478017B398E7008F7A52 /* OVR_SensorFilter.dia */,
				7853478117B398E7008F7A52 /* OVR_SensorFilter.o */,
				7853478217B398E7008F7A52 /* OVR_SensorFusion.d */,
				7853478317B398E7008F7A52 /* OVR_SensorFusion.dia */,
				7853478417B398E7008F7A52 /* OVR_SensorFusion.o */,
				7853478517B398E7008F7A52 /* OVR_SensorImpl.d */,
				7853478617B398E7008F7A52 /* OVR_SensorImpl.dia */,
				7853478717B398E7008F7A52 /* OVR_SensorImpl.o */,
				7853478817B398E7008F7A52 /* OVR_Std.d */,
				7853478917B398E7008F7A52 /* OVR_Std.dia */,
				7853478A17B398E7008F7A52 /* OVR_Std.o */,
				7853478B17B398E7008F7A52 /* OVR_String.d */,
				7853478C17B398E7008F7A52 /* OVR_String.dia */,
				7853478D17B398E7008F7A52 /* OVR_String.o */,
				7853478E17B398E7008F7A52 /* OVR_String_FormatUtil.d */,
				7853478F17B398E7008F7A52 /* OVR_String_FormatUtil.dia */,
				7853479017B398E7008F7A52 /* OVR_String_FormatUtil.o */,
				7853479117B398E7008F7A52 /* OVR_String_PathUtil.d */,
				7853479217B398E7008F7A52 /* OVR_String_PathUtil.dia */,
				7853479317B398E7008F7A52 /* OVR_String_PathUtil.o */,
				7853479417B398E7008F7A52 /* OVR_SysFile.d */,
				7853479517B398E7008F7A52 /* OVR_SysFile.dia */,
				7853479617B398E7008F7A52 /* OVR_SysFile.o */,
				7853479717B398E7008F7A52 /* OVR_System.d */,
				7853479817B398E7008F7A52 /* OVR_System.dia */,
				7853479917B398E7008F7A52 /* OVR_System.o */,
				7853479A17B398E7008F7A52 /* OVR_ThreadCommandQueue.d */,
				7853479B17B398E7008F7A52 /* OVR_ThreadCommandQueue.dia */,
				7853479C17B398E7008F7A52 /* OVR_ThreadCommandQueue.o */,
				7853479D17B398E7008F7A52 /* OVR_ThreadsPthread.d */,
				7853479E17B398E7008F7A52 /* OVR_ThreadsPthread.dia */,
				7853479F17B398E7008F7A52 /* OVR_ThreadsPthread.o */,
				785347A017B398E7008F7A52 /* OVR_Timer.d */,
				785347A117B398E7008F7A52 /* OVR_Timer.dia */,
				785347A217B398E7008F7A52 /* OVR_Timer.o */,
				785347A317B398E7008F7A52 /* OVR_UTF8Util.d */,
				785347A417B398E7008F7A52 /* OVR_UTF8Util.dia */,
				785347A517B398E7008F7A52 /* OVR_UTF8Util.o */,
				785347A617B398E7008F7A52 /* Util_LatencyTest.d */,
				785347A717B398E7008F7A52 /* Util_LatencyTest.dia */,
				785347A817B398E7008F7A52 /* Util_LatencyTest.o */,
				785347A917B398E7008F7A52 /* Util_MagCalibration.d */,
				785347AA17B398E7008F7A52 /* Util_MagCalibration.dia */,
				785347AB17B398E7008F7A52 /* Util_MagCalibration.o */,
				785347AC17B398E7008F7A52 /* Util_Render_Stereo.d */,
				785347AD17B398E7008F7A52 /* Util_Render_Stereo.dia */,
				785347AE17B398E7008F7A52 /* Util_Render_Stereo.o */,
			);
			path = x86_64;
			sourceTree = "<group>";
		};
		785347B617B398E7008F7A52 /* Release */ = {
			isa = PBXGroup;
			children = (
				785347B717B398E7008F7A52 /* libovr.a */,
			);
			path = Release;
			sourceTree = "<group>";
		};
		785347B817B398E7008F7A52 /* Src */ = {
			isa = PBXGroup;
			children = (
				785347B917B398E7008F7A52 /* Kernel */,
				785347E217B398E7008F7A52 /* OVR_Device.h */,
				785347E317B398E7008F7A52 /* OVR_DeviceConstants.h */,
				785347E417B398E7008F7A52 /* OVR_DeviceHandle.cpp */,
				785347E517B398E7008F7A52 /* OVR_DeviceHandle.h */,
				785347E617B398E7008F7A52 /* OVR_DeviceImpl.cpp */,
				785347E717B398E7008F7A52 /* OVR_DeviceImpl.h */,
				785347E817B398E7008F7A52 /* OVR_DeviceMessages.h */,
				785347E917B398E7008F7A52 /* OVR_HIDDevice.h */,
				785347EA17B398E7008F7A52 /* OVR_HIDDeviceBase.h */,
				785347EB17B398E7008F7A52 /* OVR_HIDDeviceImpl.h */,
				785347EC17B398E7008F7A52 /* OVR_JSON.cpp */,
				785347ED17B398E7008F7A52 /* OVR_JSON.h */,
				785347EE17B398E7008F7A52 /* OVR_LatencyTestImpl.cpp */,
				785347EF17B398E7008F7A52 /* OVR_LatencyTestImpl.h */,
				785347F017B398E7008F7A52 /* OVR_OSX_DeviceManager.cpp */,
				785347F117B398E7008F7A52 /* OVR_OSX_DeviceManager.h */,
				785347F217B398E7008F7A52 /* OVR_OSX_HIDDevice.cpp */,
				785347F317B398E7008F7A52 /* OVR_OSX_HIDDevice.h */,
				785347F417B398E7008F7A52 /* OVR_OSX_HMDDevice.cpp */,
				785347F517B398E7008F7A52 /* OVR_OSX_HMDDevice.h */,
				785347F617B398E7008F7A52 /* OVR_OSX_SensorDevice.cpp */,
				785347F717B398E7008F7A52 /* OVR_Profile.cpp */,
				785347F817B398E7008F7A52 /* OVR_Profile.h */,
				785347F917B398E7008F7A52 /* OVR_SensorFilter.cpp */,
				785347FA17B398E7008F7A52 /* OVR_SensorFilter.h */,
				785347FB17B398E7008F7A52 /* OVR_SensorFusion.cpp */,
				785347FC17B398E7008F7A52 /* OVR_SensorFusion.h */,
				785347FD17B398E7008F7A52 /* OVR_SensorImpl.cpp */,
				785347FE17B398E7008F7A52 /* OVR_SensorImpl.h */,
				785347FF17B398E7008F7A52 /* OVR_ThreadCommandQueue.cpp */,
				7853480017B398E7008F7A52 /* OVR_ThreadCommandQueue.h */,
				7853480117B398E7008F7A52 /* Util */,
			);
			path = Src;
			sourceTree = "<group>";
		};
		785347B917B398E7008F7A52 /* Kernel */ = {
			isa = PBXGroup;
			children = (
				785347BA17B398E7008F7A52 /* OVR_Alg.cpp */,
				785347BB17B398E7008F7A52 /* OVR_Alg.h */,
				785347BC17B398E7008F7A52 /* OVR_Allocator.cpp */,
				785347BD17B398E7008F7A52 /* OVR_Allocator.h */,
				785347BE17B398E7008F7A52 /* OVR_Array.h */,
				785347BF17B398E7008F7A52 /* OVR_Atomic.cpp */,
				785347C017B398E7008F7A52 /* OVR_Atomic.h */,
				785347C117B398E7008F7A52 /* OVR_Color.h */,
				785347C217B398E7008F7A52 /* OVR_ContainerAllocator.h */,
				785347C317B398E7008F7A52 /* OVR_File.cpp */,
				785347C417B398E7008F7A52 /* OVR_File.h */,
				785347C517B398E7008F7A52 /* OVR_FileFILE.cpp */,
				785347C617B398E7008F7A52 /* OVR_Hash.h */,
				785347C717B398E7008F7A52 /* OVR_KeyCodes.h */,
				785347C817B398E7008F7A52 /* OVR_List.h */,
				785347C917B398E7008F7A52 /* OVR_Log.cpp */,
				785347CA17B398E7008F7A52 /* OVR_Log.h */,
				785347CB17B398E7008F7A52 /* OVR_Math.cpp */,
				785347CC17B398E7008F7A52 /* OVR_Math.h */,
				785347CD17B398E7008F7A52 /* OVR_RefCount.cpp */,
				785347CE17B398E7008F7A52 /* OVR_RefCount.h */,
				785347CF17B398E7008F7A52 /* OVR_Std.cpp */,
				785347D017B398E7008F7A52 /* OVR_Std.h */,
				785347D117B398E7008F7A52 /* OVR_String.cpp */,
				785347D217B398E7008F7A52 /* OVR_String.h */,
				785347D317B398E7008F7A52 /* OVR_String_FormatUtil.cpp */,
				785347D417B398E7008F7A52 /* OVR_String_PathUtil.cpp */,
				785347D517B398E7008F7A52 /* OVR_StringHash.h */,
				785347D617B398E7008F7A52 /* OVR_SysFile.cpp */,
				785347D717B398E7008F7A52 /* OVR_SysFile.h */,
				785347D817B398E7008F7A52 /* OVR_System.cpp */,
				785347D917B398E7008F7A52 /* OVR_System.h */,
				785347DA17B398E7008F7A52 /* OVR_Threads.h */,
				785347DB17B398E7008F7A52 /* OVR_ThreadsPthread.cpp */,
				785347DC17B398E7008F7A52 /* OVR_ThreadsWinAPI.cpp */,
				785347DD17B398E7008F7A52 /* OVR_Timer.cpp */,
				785347DE17B398E7008F7A52 /* OVR_Timer.h */,
				785347DF17B398E7008F7A52 /* OVR_Types.h */,
				785347E017B398E7008F7A52 /* OVR_UTF8Util.cpp */,
				785347E117B398E7008F7A52 /* OVR_UTF8Util.h */,
			);
			path = Kernel;
			sourceTree = "<group>";
		};
		7853480117B398E7008F7A52 /* Util */ = {
			isa = PBXGroup;
			children = (
				7853480217B398E7008F7A52 /* Util_LatencyTest.cpp */,
				7853480317B398E7008F7A52 /* Util_LatencyTest.h */,
				7853480417B398E7008F7A52 /* Util_MagCalibration.cpp */,
				7853480517B398E7008F7A52 /* Util_MagCalibration.h */,
				7853480617B398E7008F7A52 /* Util_Render_Stereo.cpp */,
				7853480717B398E7008F7A52 /* Util_Render_Stereo.h */,
			);
			path = Util;
			sourceTree = "<group>";
		};
		78B7BF6C17ACDFB600AE36C0 /* Utilities */ = {
			isa = PBXGroup;
			children = (
				78B7BF5117ACDFAA00AE36C0 /* bitmap_image.hpp */,
				78B7BF5417ACDFAA00AE36C0 /* Buffer.cpp */,
				78B7BF5517ACDFAA00AE36C0 /* Buffer.h */,
				78B7BF5617ACDFAA00AE36C0 /* CMSpline.hpp */,
				78B7BF5717ACDFAA00AE36C0 /* FBO.cpp */,
				78B7BF5817ACDFAA00AE36C0 /* FBO.h */,
				78B7BF5917ACDFAA00AE36C0 /* Material.h */,
				78B7BF5A17ACDFAA00AE36C0 /* Model.cpp */,
				78B7BF5B17ACDFAA00AE36C0 /* Model.h */,
				78B7BF5C17ACDFAA00AE36C0 /* OBJFile.cpp */,
				78B7BF5D17ACDFAA00AE36C0 /* OBJFile.h */,
				78B7BF5E17ACDFAA00AE36C0 /* Program.cpp */,
				78B7BF5F17ACDFAA00AE36C0 /* Program.h */,
				78B7BF6017ACDFAA00AE36C0 /* RenderBuffer.cpp */,
				78B7BF6117ACDFAA00AE36C0 /* RenderBuffer.h */,
				78B7BF6217ACDFAA00AE36C0 /* Texture.cpp */,
				78B7BF6317ACDFAA00AE36C0 /* Texture.h */,
				78CAFC8917AD70A900361A5C /* Noise.cpp */,
				78CAFC8A17AD70A900361A5C /* Noise.h */,
				787C770F17B3ED9B0064B738 /* Screen.cpp */,
				787C771017B3ED9B0064B738 /* Screen.h */,
				7853466817B38A89008F7A52 /* Oculus.cpp */,
				7853466917B38A89008F7A52 /* Oculus.h */,
			);
			name = Utilities;
			sourceTree = "<group>";
		};
/* End PBXGroup section */

/* Begin PBXNativeTarget section */
		781309371744B235000802B2 /* Procedural Terrain Map */ = {
			isa = PBXNativeTarget;
			buildConfigurationList = 781309421744B236000802B2 /* Build configuration list for PBXNativeTarget "Procedural Terrain Map" */;
			buildPhases = (
				781309341744B235000802B2 /* Sources */,
				781309351744B235000802B2 /* Frameworks */,
				781309361744B235000802B2 /* CopyFiles */,
			);
			buildRules = (
			);
			dependencies = (
			);
			name = "Procedural Terrain Map";
			productName = "Procedural Terrain Map";
			productReference = 781309381744B235000802B2 /* Procedural Terrain Map */;
			productType = "com.apple.product-type.tool";
		};
/* End PBXNativeTarget section */

/* Begin PBXProject section */
		7813092F1744B235000802B2 /* Project object */ = {
			isa = PBXProject;
			attributes = {
				LastUpgradeCheck = 0450;
				ORGANIZATIONNAME = "Ben-han Sung";
			};
			buildConfigurationList = 781309321744B235000802B2 /* Build configuration list for PBXProject "Procedural Terrain Map" */;
			compatibilityVersion = "Xcode 3.2";
			developmentRegion = English;
			hasScannedForEncodings = 0;
			knownRegions = (
				en,
			);
			mainGroup = 7813092D1744B235000802B2;
			productRefGroup = 781309391744B235000802B2 /* Products */;
			projectDirPath = "";
			projectRoot = "";
			targets = (
				781309371744B235000802B2 /* Procedural Terrain Map */,
			);
		};
/* End PBXProject section */

/* Begin PBXSourcesBuildPhase section */
		781309341744B235000802B2 /* Sources */ = {
			isa = PBXSourcesBuildPhase;
			buildActionMask = 2147483647;
			files = (
				7813093D1744B236000802B2 /* main.cpp in Sources */,
				78B7BF6517ACDFAA00AE36C0 /* Buffer.cpp in Sources */,
				78B7BF6617ACDFAA00AE36C0 /* FBO.cpp in Sources */,
				78B7BF6717ACDFAA00AE36C0 /* Model.cpp in Sources */,
				78B7BF6817ACDFAA00AE36C0 /* OBJFile.cpp in Sources */,
				78B7BF6917ACDFAA00AE36C0 /* Program.cpp in Sources */,
				78B7BF6A17ACDFAA00AE36C0 /* RenderBuffer.cpp in Sources */,
				78B7BF6B17ACDFAA00AE36C0 /* Texture.cpp in Sources */,
				78CAFC8B17AD70A900361A5C /* Noise.cpp in Sources */,
				7853466A17B38A89008F7A52 /* Oculus.cpp in Sources */,
				787C771117B3ED9B0064B738 /* Screen.cpp in Sources */,
			);
			runOnlyForDeploymentPostprocessing = 0;
		};
/* End PBXSourcesBuildPhase section */

/* Begin XCBuildConfiguration section */
		781309401744B236000802B2 /* Debug */ = {
			isa = XCBuildConfiguration;
			buildSettings = {
				ALWAYS_SEARCH_USER_PATHS = YES;
				ARCHS = "$(ARCHS_STANDARD_64_BIT)";
				CLANG_CXX_LANGUAGE_STANDARD = "gnu++0x";
				CLANG_CXX_LIBRARY = "libc++";
				CLANG_LINK_OBJC_RUNTIME = NO;
				CLANG_WARN_EMPTY_BODY = YES;
				CLANG_WARN__DUPLICATE_METHOD_MATCH = YES;
				COPY_PHASE_STRIP = NO;
				GCC_C_LANGUAGE_STANDARD = gnu99;
				GCC_DYNAMIC_NO_PIC = NO;
				GCC_ENABLE_CPP_EXCEPTIONS = NO;
				GCC_ENABLE_CPP_RTTI = NO;
				GCC_ENABLE_OBJC_EXCEPTIONS = NO;
				GCC_OPTIMIZATION_LEVEL = 0;
				GCC_PREPROCESSOR_DEFINITIONS = (
					"DEBUG=1",
					"$(inherited)",
				);
				GCC_SYMBOLS_PRIVATE_EXTERN = NO;
				GCC_WARN_64_TO_32_BIT_CONVERSION = YES;
				GCC_WARN_ABOUT_RETURN_TYPE = YES;
				GCC_WARN_UNINITIALIZED_AUTOS = YES;
				GCC_WARN_UNUSED_VARIABLE = YES;
				MACOSX_DEPLOYMENT_TARGET = 10.7;
				ONLY_ACTIVE_ARCH = YES;
				OTHER_CFLAGS = (
					"-fno-rtti",
					"-fno-exceptions",
				);
				SDKROOT = macosx;
			};
			name = Debug;
		};
		781309411744B236000802B2 /* Release */ = {
			isa = XCBuildConfiguration;
			buildSettings = {
				ALWAYS_SEARCH_USER_PATHS = YES;
				ARCHS = "$(ARCHS_STANDARD_64_BIT)";
				CLANG_CXX_LANGUAGE_STANDARD = "gnu++0x";
				CLANG_CXX_LIBRARY = "libc++";
				CLANG_LINK_OBJC_RUNTIME = NO;
				CLANG_WARN_EMPTY_BODY = YES;
				CLANG_WARN__DUPLICATE_METHOD_MATCH = YES;
				COPY_PHASE_STRIP = YES;
				DEBUG_INFORMATION_FORMAT = "dwarf-with-dsym";
				GCC_C_LANGUAGE_STANDARD = gnu99;
				GCC_ENABLE_CPP_EXCEPTIONS = NO;
				GCC_ENABLE_CPP_RTTI = NO;
				GCC_ENABLE_OBJC_EXCEPTIONS = NO;
				GCC_WARN_64_TO_32_BIT_CONVERSION = YES;
				GCC_WARN_ABOUT_RETURN_TYPE = YES;
				GCC_WARN_UNINITIALIZED_AUTOS = YES;
				GCC_WARN_UNUSED_VARIABLE = YES;
				MACOSX_DEPLOYMENT_TARGET = 10.7;
				OTHER_CFLAGS = (
					"-fno-rtti",
					"-fno-exceptions",
				);
				SDKROOT = macosx;
			};
			name = Release;
		};
		781309431744B236000802B2 /* Debug */ = {
			isa = XCBuildConfiguration;
			buildSettings = {
				ALWAYS_SEARCH_USER_PATHS = YES;
				DEBUG_INFORMATION_FORMAT = dwarf;
				GCC_VERSION = "";
				HEADER_SEARCH_PATHS = (
					/usr/include,
					/opt/local/include,
					/opt/local/include/freetype2,
				);
				LIBRARY_SEARCH_PATHS = (
					/usr/lib,
					/opt/local/lib,
					"\"$(SRCROOT)/../../../../../Downloads/OculusSDK/LibOVR/Lib/MacOS/Debug\"",
					"\"$(SRCROOT)/LibOVR/Lib/MacOS/Debug\"",
					"\"$(SRCROOT)/LibOVR/Lib/MacOS/LibOVR_With_Samples.build/Debug/ovr.build/Objects-normal/x86_64\"",
					"\"$(SRCROOT)/LibOVR/Lib/MacOS/LibOVR_With_Samples.build/Debug/ovr.build/Objects-normal/i386\"",
					"\"$(SRCROOT)/LibOVR/Lib/MacOS/Release\"",
				);
				MACOSX_DEPLOYMENT_TARGET = "";
				ONLY_ACTIVE_ARCH = NO;
				OTHER_CPLUSPLUSFLAGS = (
					"-stdlib=libc++",
					"-std=c++11",
				);
				PRODUCT_NAME = "$(TARGET_NAME)";
				SDKROOT = "";
				USER_HEADER_SEARCH_PATHS = /usr/include;
			};
			name = Debug;
		};
		781309441744B236000802B2 /* Release */ = {
			isa = XCBuildConfiguration;
			buildSettings = {
				ALWAYS_SEARCH_USER_PATHS = YES;
				DEBUG_INFORMATION_FORMAT = dwarf;
				GCC_OPTIMIZATION_LEVEL = 0;
				GCC_VERSION = "";
				HEADER_SEARCH_PATHS = (
					/usr/include,
					/opt/local/include,
					/opt/local/include/freetype2,
				);
				LIBRARY_SEARCH_PATHS = (
					/usr/lib,
					/opt/local/lib,
					"\"$(SRCROOT)/../../../../../Downloads/OculusSDK/LibOVR/Lib/MacOS/Debug\"",
					"\"$(SRCROOT)/LibOVR/Lib/MacOS/Debug\"",
					"\"$(SRCROOT)/LibOVR/Lib/MacOS/LibOVR_With_Samples.build/Debug/ovr.build/Objects-normal/x86_64\"",
					"\"$(SRCROOT)/LibOVR/Lib/MacOS/LibOVR_With_Samples.build/Debug/ovr.build/Objects-normal/i386\"",
					"\"$(SRCROOT)/LibOVR/Lib/MacOS/Release\"",
				);
				MACOSX_DEPLOYMENT_TARGET = "";
				OTHER_CPLUSPLUSFLAGS = (
					"-stdlib=libc++",
					"-std=c++11",
				);
				PRODUCT_NAME = "$(TARGET_NAME)";
				SDKROOT = "";
				USER_HEADER_SEARCH_PATHS = /usr/include;
			};
			name = Release;
		};
/* End XCBuildConfiguration section */

/* Begin XCConfigurationList section */
		781309321744B235000802B2 /* Build configuration list for PBXProject "Procedural Terrain Map" */ = {
			isa = XCConfigurationList;
			buildConfigurations = (
				781309401744B236000802B2 /* Debug */,
				781309411744B236000802B2 /* Release */,
			);
			defaultConfigurationIsVisible = 0;
			defaultConfigurationName = Release;
		};
		781309421744B236000802B2 /* Build configuration list for PBXNativeTarget "Procedural Terrain Map" */ = {
			isa = XCConfigurationList;
			buildConfigurations = (
				781309431744B236000802B2 /* Debug */,
				781309441744B236000802B2 /* Release */,
			);
			defaultConfigurationIsVisible = 0;
			defaultConfigurationName = Release;
		};
/* End XCConfigurationList section */
	};
	rootObject = 7813092F1744B235000802B2 /* Project object */;
}
